<?xml version="1.0" encoding="utf-8"?>
<Project ToolsVersion="4.0" xmlns="http://schemas.microsoft.com/developer/msbuild/2003">
  <ItemGroup>
    <ClCompile Include="..\Source\Client\source\Client.cpp" />
    <ClCompile Include="..\Source\Client\source\main.cpp" />
  </ItemGroup>
  <ItemGroup>
    <ClInclude Include="..\Source\Client\source\Client.h" />
  </ItemGroup>
  <ItemGroup>
    <Filter Include="Client Messages">
      <UniqueIdentifier>{c7009fea-9482-41ae-b50b-b4eb2158e80e}</UniqueIdentifier>
    </Filter>
  </ItemGroup>
</Project>