<?xml version="1.0" encoding="utf-8"?>
<Project ToolsVersion="4.0" xmlns="http://schemas.microsoft.com/developer/msbuild/2003">
  <ItemGroup>
    <Filter Include="DirectXTex">
      <UniqueIdentifier>{A90EE592-95C6-26E0-FECD-FF3BEAA4C1D0}</UniqueIdentifier>
    </Filter>
    <Filter Include="DirectXTex\DDSTextureLoader">
      <UniqueIdentifier>{5B6A9DC2-C777-CBA8-505E-C793BC6A975F}</UniqueIdentifier>
    </Filter>
    <Filter Include="DirectXTex\ScreenGrab">
      <UniqueIdentifier>{142FAED8-809B-69D3-498F-0131B5BA8B3B}</UniqueIdentifier>
    </Filter>
    <Filter Include="DirectXTex\WICTextureLoader">
      <UniqueIdentifier>{C3C4F026-2FD2-1E0D-B8B8-1AF824C5EAC3}</UniqueIdentifier>
    </Filter>
    <Filter Include="StackWalker">
      <UniqueIdentifier>{21FD7E7C-8DB2-F771-16A7-F148825BEE75}</UniqueIdentifier>
    </Filter>
    <Filter Include="TGAFBXImporter">
      <UniqueIdentifier>{738425AE-5F52-19B4-48E6-89DA3453F518}</UniqueIdentifier>
    </Filter>
    <Filter Include="TGAFBXImporter\FBXSDK">
      <UniqueIdentifier>{44E5F18F-B051-AD8A-7945-45E8E570CFF2}</UniqueIdentifier>
    </Filter>
    <Filter Include="TGAFBXImporter\FBXSDK\include">
      <UniqueIdentifier>{B710A22D-2329-8957-ECD5-18F158AD1DF1}</UniqueIdentifier>
    </Filter>
    <Filter Include="TGAFBXImporter\FBXSDK\include\fbxsdk">
      <UniqueIdentifier>{C8B9CF5A-B4A0-9152-5DF1-F76F49B70AB9}</UniqueIdentifier>
    </Filter>
    <Filter Include="TGAFBXImporter\FBXSDK\include\fbxsdk\core">
      <UniqueIdentifier>{40C79DD4-ACE1-0076-F503-110A615D287D}</UniqueIdentifier>
    </Filter>
    <Filter Include="TGAFBXImporter\FBXSDK\include\fbxsdk\core\arch">
      <UniqueIdentifier>{CDF1250A-B96F-76A3-A267-343B8E84B8CB}</UniqueIdentifier>
    </Filter>
    <Filter Include="TGAFBXImporter\FBXSDK\include\fbxsdk\core\base">
      <UniqueIdentifier>{EA37260A-D6B5-76A3-BFAD-343BABCAB8CB}</UniqueIdentifier>
    </Filter>
    <Filter Include="TGAFBXImporter\FBXSDK\include\fbxsdk\core\math">
      <UniqueIdentifier>{39402C0A-25BE-7CA3-0EB6-3A3BFAD2BECB}</UniqueIdentifier>
    </Filter>
    <Filter Include="TGAFBXImporter\FBXSDK\include\fbxsdk\core\sync">
      <UniqueIdentifier>{CCEF2F0A-B86D-80A3-A165-3E3B8D82C2CB}</UniqueIdentifier>
    </Filter>
    <Filter Include="TGAFBXImporter\FBXSDK\include\fbxsdk\fileio">
      <UniqueIdentifier>{CF41BC79-3BA7-4F00-C47F-F1D830E4446F}</UniqueIdentifier>
    </Filter>
    <Filter Include="TGAFBXImporter\FBXSDK\include\fbxsdk\fileio\collada">
      <UniqueIdentifier>{CE0BB46E-3A1D-5C15-C36E-EE542F7FE54E}</UniqueIdentifier>
    </Filter>
    <Filter Include="TGAFBXImporter\FBXSDK\include\fbxsdk\fileio\fbx">
      <UniqueIdentifier>{1E16B29E-8A51-1262-9346-8FF1FF009792}</UniqueIdentifier>
    </Filter>
    <Filter Include="TGAFBXImporter\FBXSDK\include\fbxsdk\scene">
      <UniqueIdentifier>{056D7169-F1D4-3737-5A40-4C4D46C74E23}</UniqueIdentifier>
    </Filter>
    <Filter Include="TGAFBXImporter\FBXSDK\include\fbxsdk\scene\animation">
      <UniqueIdentifier>{541010BC-404F-BA37-E9D1-9669D5EF6FA2}</UniqueIdentifier>
    </Filter>
    <Filter Include="TGAFBXImporter\FBXSDK\include\fbxsdk\scene\constraint">
      <UniqueIdentifier>{D999F351-45B6-E542-0E8E-52B07A694F04}</UniqueIdentifier>
    </Filter>
    <Filter Include="TGAFBXImporter\FBXSDK\include\fbxsdk\scene\geometry">
      <UniqueIdentifier>{20AC7A07-8CBD-22AE-150F-B5ED811FACE7}</UniqueIdentifier>
    </Filter>
    <Filter Include="TGAFBXImporter\FBXSDK\include\fbxsdk\scene\shading">
      <UniqueIdentifier>{726F287B-5E03-1E23-C7C7-77D7B37A5815}</UniqueIdentifier>
    </Filter>
    <Filter Include="TGAFBXImporter\FBXSDK\include\fbxsdk\utils">
      <UniqueIdentifier>{48019F69-3469-6537-9DD4-794D895B7C23}</UniqueIdentifier>
    </Filter>
    <Filter Include="TGAFBXImporter\FBXSDK\include\libxml2">
      <UniqueIdentifier>{20456D91-8C09-6C81-556F-9C4BC1F207B7}</UniqueIdentifier>
    </Filter>
    <Filter Include="TGAFBXImporter\FBXSDK\include\libxml2\libxml">
      <UniqueIdentifier>{7763EA80-6376-EAD9-0C60-C7C6F8518727}</UniqueIdentifier>
    </Filter>
    <Filter Include="TGAFBXImporter\source">
      <UniqueIdentifier>{33C728FC-9F33-E4F6-6827-7C54D452065F}</UniqueIdentifier>
    </Filter>
    <Filter Include="WinPixEventRuntime">
      <UniqueIdentifier>{CA3F7E69-B623-3FBF-1F84-39120B872941}</UniqueIdentifier>
    </Filter>
    <Filter Include="assimp">
      <UniqueIdentifier>{724885F2-5EEA-AFC8-47A5-C31C33E63619}</UniqueIdentifier>
    </Filter>
    <Filter Include="assimp\Compiler">
      <UniqueIdentifier>{1C28A7FC-88B3-14C1-91C4-97B5FDCE70C1}</UniqueIdentifier>
    </Filter>
    <Filter Include="assimp\port">
      <UniqueIdentifier>{2631904E-92E6-0844-1BDB-021B878FFF47}</UniqueIdentifier>
    </Filter>
    <Filter Include="assimp\port\AndroidJNI">
      <UniqueIdentifier>{B7177319-A311-9C6B-8C7E-327C781702D8}</UniqueIdentifier>
    </Filter>
    <Filter Include="bass">
      <UniqueIdentifier>{8E78947C-7AAF-950D-239C-7B100FB2110F}</UniqueIdentifier>
    </Filter>
    <Filter Include="freetype">
      <UniqueIdentifier>{89895BD8-7556-B6E3-9E6F-A48B8A9BEB71}</UniqueIdentifier>
    </Filter>
    <Filter Include="freetype\config">
      <UniqueIdentifier>{8EE4183F-FA6F-8603-0381-09F86F8BE203}</UniqueIdentifier>
    </Filter>
    <Filter Include="freetype\internal">
      <UniqueIdentifier>{F5F566B3-610C-6549-AA83-F06A16D935D1}</UniqueIdentifier>
    </Filter>
    <Filter Include="freetype\internal\services">
      <UniqueIdentifier>{887BCBD6-748B-77A7-DD44-DCC5C9736640}</UniqueIdentifier>
    </Filter>
    <Filter Include="imgui">
      <UniqueIdentifier>{0098A80F-6CAC-D0C0-352E-7420A101CDF1}</UniqueIdentifier>
    </Filter>
    <Filter Include="imgui\misc">
      <UniqueIdentifier>{DBAA57AC-C762-99F9-306A-72551C4134EA}</UniqueIdentifier>
    </Filter>
    <Filter Include="imgui\misc\cpp">
      <UniqueIdentifier>{2D1AB313-19E8-A619-027C-1740EEE8827E}</UniqueIdentifier>
    </Filter>
    <Filter Include="imgui\misc\fonts">
      <UniqueIdentifier>{741D18CD-6016-371F-8948-1CA475A0162B}</UniqueIdentifier>
    </Filter>
    <Filter Include="imgui\misc\freetype">
      <UniqueIdentifier>{EE0F22B7-5A71-FFC4-E3DE-45774F3F3684}</UniqueIdentifier>
    </Filter>
    <Filter Include="imgui\misc\single_file">
      <UniqueIdentifier>{4B942DFF-378E-5651-20FB-EC610C94BCBD}</UniqueIdentifier>
    </Filter>
    <Filter Include="imnodes">
      <UniqueIdentifier>{74F1A99C-E0D0-2838-E9E8-B30E55478F99}</UniqueIdentifier>
    </Filter>
    <Filter Include="nlohmann">
      <UniqueIdentifier>{E0661284-CC33-6D8F-F54C-5B37E178A21D}</UniqueIdentifier>
    </Filter>
  </ItemGroup>
  <ItemGroup>
    <ClInclude Include="..\Source\External\DirectXTex\DDSTextureLoader\DDSTextureLoader11.h">
      <Filter>DirectXTex\DDSTextureLoader</Filter>
    </ClInclude>
    <ClInclude Include="..\Source\External\DirectXTex\ScreenGrab\ScreenGrab11.h">
      <Filter>DirectXTex\ScreenGrab</Filter>
    </ClInclude>
    <ClInclude Include="..\Source\External\DirectXTex\WICTextureLoader\WICTextureLoader11.h">
      <Filter>DirectXTex\WICTextureLoader</Filter>
    </ClInclude>
    <ClInclude Include="..\Source\External\StackWalker\StackWalker.h">
      <Filter>StackWalker</Filter>
    </ClInclude>
    <ClInclude Include="..\Source\External\TGAFBXImporter\FBXSDK\include\fbxsdk.h">
      <Filter>TGAFBXImporter\FBXSDK\include</Filter>
    </ClInclude>
    <ClInclude Include="..\Source\External\TGAFBXImporter\FBXSDK\include\fbxsdk\core\arch\fbxalloc.h">
      <Filter>TGAFBXImporter\FBXSDK\include\fbxsdk\core\arch</Filter>
    </ClInclude>
    <ClInclude Include="..\Source\External\TGAFBXImporter\FBXSDK\include\fbxsdk\core\arch\fbxarch.h">
      <Filter>TGAFBXImporter\FBXSDK\include\fbxsdk\core\arch</Filter>
    </ClInclude>
    <ClInclude Include="..\Source\External\TGAFBXImporter\FBXSDK\include\fbxsdk\core\arch\fbxdebug.h">
      <Filter>TGAFBXImporter\FBXSDK\include\fbxsdk\core\arch</Filter>
    </ClInclude>
    <ClInclude Include="..\Source\External\TGAFBXImporter\FBXSDK\include\fbxsdk\core\arch\fbxnew.h">
      <Filter>TGAFBXImporter\FBXSDK\include\fbxsdk\core\arch</Filter>
    </ClInclude>
    <ClInclude Include="..\Source\External\TGAFBXImporter\FBXSDK\include\fbxsdk\core\arch\fbxstdcompliant.h">
      <Filter>TGAFBXImporter\FBXSDK\include\fbxsdk\core\arch</Filter>
    </ClInclude>
    <ClInclude Include="..\Source\External\TGAFBXImporter\FBXSDK\include\fbxsdk\core\arch\fbxtypes.h">
      <Filter>TGAFBXImporter\FBXSDK\include\fbxsdk\core\arch</Filter>
    </ClInclude>
    <ClInclude Include="..\Source\External\TGAFBXImporter\FBXSDK\include\fbxsdk\core\base\fbxarray.h">
      <Filter>TGAFBXImporter\FBXSDK\include\fbxsdk\core\base</Filter>
    </ClInclude>
    <ClInclude Include="..\Source\External\TGAFBXImporter\FBXSDK\include\fbxsdk\core\base\fbxbitset.h">
      <Filter>TGAFBXImporter\FBXSDK\include\fbxsdk\core\base</Filter>
    </ClInclude>
    <ClInclude Include="..\Source\External\TGAFBXImporter\FBXSDK\include\fbxsdk\core\base\fbxcharptrset.h">
      <Filter>TGAFBXImporter\FBXSDK\include\fbxsdk\core\base</Filter>
    </ClInclude>
    <ClInclude Include="..\Source\External\TGAFBXImporter\FBXSDK\include\fbxsdk\core\base\fbxcontainerallocators.h">
      <Filter>TGAFBXImporter\FBXSDK\include\fbxsdk\core\base</Filter>
    </ClInclude>
    <ClInclude Include="..\Source\External\TGAFBXImporter\FBXSDK\include\fbxsdk\core\base\fbxdynamicarray.h">
      <Filter>TGAFBXImporter\FBXSDK\include\fbxsdk\core\base</Filter>
    </ClInclude>
    <ClInclude Include="..\Source\External\TGAFBXImporter\FBXSDK\include\fbxsdk\core\base\fbxfile.h">
      <Filter>TGAFBXImporter\FBXSDK\include\fbxsdk\core\base</Filter>
    </ClInclude>
    <ClInclude Include="..\Source\External\TGAFBXImporter\FBXSDK\include\fbxsdk\core\base\fbxfolder.h">
      <Filter>TGAFBXImporter\FBXSDK\include\fbxsdk\core\base</Filter>
    </ClInclude>
    <ClInclude Include="..\Source\External\TGAFBXImporter\FBXSDK\include\fbxsdk\core\base\fbxhashmap.h">
      <Filter>TGAFBXImporter\FBXSDK\include\fbxsdk\core\base</Filter>
    </ClInclude>
    <ClInclude Include="..\Source\External\TGAFBXImporter\FBXSDK\include\fbxsdk\core\base\fbxintrusivelist.h">
      <Filter>TGAFBXImporter\FBXSDK\include\fbxsdk\core\base</Filter>
    </ClInclude>
    <ClInclude Include="..\Source\External\TGAFBXImporter\FBXSDK\include\fbxsdk\core\base\fbxmap.h">
      <Filter>TGAFBXImporter\FBXSDK\include\fbxsdk\core\base</Filter>
    </ClInclude>
    <ClInclude Include="..\Source\External\TGAFBXImporter\FBXSDK\include\fbxsdk\core\base\fbxmemorypool.h">
      <Filter>TGAFBXImporter\FBXSDK\include\fbxsdk\core\base</Filter>
    </ClInclude>
    <ClInclude Include="..\Source\External\TGAFBXImporter\FBXSDK\include\fbxsdk\core\base\fbxmultimap.h">
      <Filter>TGAFBXImporter\FBXSDK\include\fbxsdk\core\base</Filter>
    </ClInclude>
    <ClInclude Include="..\Source\External\TGAFBXImporter\FBXSDK\include\fbxsdk\core\base\fbxpair.h">
      <Filter>TGAFBXImporter\FBXSDK\include\fbxsdk\core\base</Filter>
    </ClInclude>
    <ClInclude Include="..\Source\External\TGAFBXImporter\FBXSDK\include\fbxsdk\core\base\fbxredblacktree.h">
      <Filter>TGAFBXImporter\FBXSDK\include\fbxsdk\core\base</Filter>
    </ClInclude>
    <ClInclude Include="..\Source\External\TGAFBXImporter\FBXSDK\include\fbxsdk\core\base\fbxset.h">
      <Filter>TGAFBXImporter\FBXSDK\include\fbxsdk\core\base</Filter>
    </ClInclude>
    <ClInclude Include="..\Source\External\TGAFBXImporter\FBXSDK\include\fbxsdk\core\base\fbxstatus.h">
      <Filter>TGAFBXImporter\FBXSDK\include\fbxsdk\core\base</Filter>
    </ClInclude>
    <ClInclude Include="..\Source\External\TGAFBXImporter\FBXSDK\include\fbxsdk\core\base\fbxstring.h">
      <Filter>TGAFBXImporter\FBXSDK\include\fbxsdk\core\base</Filter>
    </ClInclude>
    <ClInclude Include="..\Source\External\TGAFBXImporter\FBXSDK\include\fbxsdk\core\base\fbxstringlist.h">
      <Filter>TGAFBXImporter\FBXSDK\include\fbxsdk\core\base</Filter>
    </ClInclude>
    <ClInclude Include="..\Source\External\TGAFBXImporter\FBXSDK\include\fbxsdk\core\base\fbxtime.h">
      <Filter>TGAFBXImporter\FBXSDK\include\fbxsdk\core\base</Filter>
    </ClInclude>
    <ClInclude Include="..\Source\External\TGAFBXImporter\FBXSDK\include\fbxsdk\core\base\fbxtimecode.h">
      <Filter>TGAFBXImporter\FBXSDK\include\fbxsdk\core\base</Filter>
    </ClInclude>
    <ClInclude Include="..\Source\External\TGAFBXImporter\FBXSDK\include\fbxsdk\core\base\fbxutils.h">
      <Filter>TGAFBXImporter\FBXSDK\include\fbxsdk\core\base</Filter>
    </ClInclude>
    <ClInclude Include="..\Source\External\TGAFBXImporter\FBXSDK\include\fbxsdk\core\fbxclassid.h">
      <Filter>TGAFBXImporter\FBXSDK\include\fbxsdk\core</Filter>
    </ClInclude>
    <ClInclude Include="..\Source\External\TGAFBXImporter\FBXSDK\include\fbxsdk\core\fbxconnectionpoint.h">
      <Filter>TGAFBXImporter\FBXSDK\include\fbxsdk\core</Filter>
    </ClInclude>
    <ClInclude Include="..\Source\External\TGAFBXImporter\FBXSDK\include\fbxsdk\core\fbxdatatypes.h">
      <Filter>TGAFBXImporter\FBXSDK\include\fbxsdk\core</Filter>
    </ClInclude>
    <ClInclude Include="..\Source\External\TGAFBXImporter\FBXSDK\include\fbxsdk\core\fbxemitter.h">
      <Filter>TGAFBXImporter\FBXSDK\include\fbxsdk\core</Filter>
    </ClInclude>
    <ClInclude Include="..\Source\External\TGAFBXImporter\FBXSDK\include\fbxsdk\core\fbxevent.h">
      <Filter>TGAFBXImporter\FBXSDK\include\fbxsdk\core</Filter>
    </ClInclude>
    <ClInclude Include="..\Source\External\TGAFBXImporter\FBXSDK\include\fbxsdk\core\fbxeventhandler.h">
      <Filter>TGAFBXImporter\FBXSDK\include\fbxsdk\core</Filter>
    </ClInclude>
    <ClInclude Include="..\Source\External\TGAFBXImporter\FBXSDK\include\fbxsdk\core\fbxlistener.h">
      <Filter>TGAFBXImporter\FBXSDK\include\fbxsdk\core</Filter>
    </ClInclude>
    <ClInclude Include="..\Source\External\TGAFBXImporter\FBXSDK\include\fbxsdk\core\fbxloadingstrategy.h">
      <Filter>TGAFBXImporter\FBXSDK\include\fbxsdk\core</Filter>
    </ClInclude>
    <ClInclude Include="..\Source\External\TGAFBXImporter\FBXSDK\include\fbxsdk\core\fbxmanager.h">
      <Filter>TGAFBXImporter\FBXSDK\include\fbxsdk\core</Filter>
    </ClInclude>
    <ClInclude Include="..\Source\External\TGAFBXImporter\FBXSDK\include\fbxsdk\core\fbxmodule.h">
      <Filter>TGAFBXImporter\FBXSDK\include\fbxsdk\core</Filter>
    </ClInclude>
    <ClInclude Include="..\Source\External\TGAFBXImporter\FBXSDK\include\fbxsdk\core\fbxobject.h">
      <Filter>TGAFBXImporter\FBXSDK\include\fbxsdk\core</Filter>
    </ClInclude>
    <ClInclude Include="..\Source\External\TGAFBXImporter\FBXSDK\include\fbxsdk\core\fbxperipheral.h">
      <Filter>TGAFBXImporter\FBXSDK\include\fbxsdk\core</Filter>
    </ClInclude>
    <ClInclude Include="..\Source\External\TGAFBXImporter\FBXSDK\include\fbxsdk\core\fbxplugin.h">
      <Filter>TGAFBXImporter\FBXSDK\include\fbxsdk\core</Filter>
    </ClInclude>
    <ClInclude Include="..\Source\External\TGAFBXImporter\FBXSDK\include\fbxsdk\core\fbxplugincontainer.h">
      <Filter>TGAFBXImporter\FBXSDK\include\fbxsdk\core</Filter>
    </ClInclude>
    <ClInclude Include="..\Source\External\TGAFBXImporter\FBXSDK\include\fbxsdk\core\fbxproperty.h">
      <Filter>TGAFBXImporter\FBXSDK\include\fbxsdk\core</Filter>
    </ClInclude>
    <ClInclude Include="..\Source\External\TGAFBXImporter\FBXSDK\include\fbxsdk\core\fbxpropertydef.h">
      <Filter>TGAFBXImporter\FBXSDK\include\fbxsdk\core</Filter>
    </ClInclude>
    <ClInclude Include="..\Source\External\TGAFBXImporter\FBXSDK\include\fbxsdk\core\fbxpropertyhandle.h">
      <Filter>TGAFBXImporter\FBXSDK\include\fbxsdk\core</Filter>
    </ClInclude>
    <ClInclude Include="..\Source\External\TGAFBXImporter\FBXSDK\include\fbxsdk\core\fbxpropertypage.h">
      <Filter>TGAFBXImporter\FBXSDK\include\fbxsdk\core</Filter>
    </ClInclude>
    <ClInclude Include="..\Source\External\TGAFBXImporter\FBXSDK\include\fbxsdk\core\fbxpropertytypes.h">
      <Filter>TGAFBXImporter\FBXSDK\include\fbxsdk\core</Filter>
    </ClInclude>
    <ClInclude Include="..\Source\External\TGAFBXImporter\FBXSDK\include\fbxsdk\core\fbxquery.h">
      <Filter>TGAFBXImporter\FBXSDK\include\fbxsdk\core</Filter>
    </ClInclude>
    <ClInclude Include="..\Source\External\TGAFBXImporter\FBXSDK\include\fbxsdk\core\fbxqueryevent.h">
      <Filter>TGAFBXImporter\FBXSDK\include\fbxsdk\core</Filter>
    </ClInclude>
    <ClInclude Include="..\Source\External\TGAFBXImporter\FBXSDK\include\fbxsdk\core\fbxscopedloadingdirectory.h">
      <Filter>TGAFBXImporter\FBXSDK\include\fbxsdk\core</Filter>
    </ClInclude>
    <ClInclude Include="..\Source\External\TGAFBXImporter\FBXSDK\include\fbxsdk\core\fbxscopedloadingfilename.h">
      <Filter>TGAFBXImporter\FBXSDK\include\fbxsdk\core</Filter>
    </ClInclude>
    <ClInclude Include="..\Source\External\TGAFBXImporter\FBXSDK\include\fbxsdk\core\fbxstream.h">
      <Filter>TGAFBXImporter\FBXSDK\include\fbxsdk\core</Filter>
    </ClInclude>
    <ClInclude Include="..\Source\External\TGAFBXImporter\FBXSDK\include\fbxsdk\core\fbxsymbol.h">
      <Filter>TGAFBXImporter\FBXSDK\include\fbxsdk\core</Filter>
    </ClInclude>
    <ClInclude Include="..\Source\External\TGAFBXImporter\FBXSDK\include\fbxsdk\core\fbxsystemunit.h">
      <Filter>TGAFBXImporter\FBXSDK\include\fbxsdk\core</Filter>
    </ClInclude>
    <ClInclude Include="..\Source\External\TGAFBXImporter\FBXSDK\include\fbxsdk\core\fbxxref.h">
      <Filter>TGAFBXImporter\FBXSDK\include\fbxsdk\core</Filter>
    </ClInclude>
    <ClInclude Include="..\Source\External\TGAFBXImporter\FBXSDK\include\fbxsdk\core\math\fbxaffinematrix.h">
      <Filter>TGAFBXImporter\FBXSDK\include\fbxsdk\core\math</Filter>
    </ClInclude>
    <ClInclude Include="..\Source\External\TGAFBXImporter\FBXSDK\include\fbxsdk\core\math\fbxdualquaternion.h">
      <Filter>TGAFBXImporter\FBXSDK\include\fbxsdk\core\math</Filter>
    </ClInclude>
    <ClInclude Include="..\Source\External\TGAFBXImporter\FBXSDK\include\fbxsdk\core\math\fbxmath.h">
      <Filter>TGAFBXImporter\FBXSDK\include\fbxsdk\core\math</Filter>
    </ClInclude>
    <ClInclude Include="..\Source\External\TGAFBXImporter\FBXSDK\include\fbxsdk\core\math\fbxmatrix.h">
      <Filter>TGAFBXImporter\FBXSDK\include\fbxsdk\core\math</Filter>
    </ClInclude>
    <ClInclude Include="..\Source\External\TGAFBXImporter\FBXSDK\include\fbxsdk\core\math\fbxquaternion.h">
      <Filter>TGAFBXImporter\FBXSDK\include\fbxsdk\core\math</Filter>
    </ClInclude>
    <ClInclude Include="..\Source\External\TGAFBXImporter\FBXSDK\include\fbxsdk\core\math\fbxtransforms.h">
      <Filter>TGAFBXImporter\FBXSDK\include\fbxsdk\core\math</Filter>
    </ClInclude>
    <ClInclude Include="..\Source\External\TGAFBXImporter\FBXSDK\include\fbxsdk\core\math\fbxvector2.h">
      <Filter>TGAFBXImporter\FBXSDK\include\fbxsdk\core\math</Filter>
    </ClInclude>
    <ClInclude Include="..\Source\External\TGAFBXImporter\FBXSDK\include\fbxsdk\core\math\fbxvector4.h">
      <Filter>TGAFBXImporter\FBXSDK\include\fbxsdk\core\math</Filter>
    </ClInclude>
    <ClInclude Include="..\Source\External\TGAFBXImporter\FBXSDK\include\fbxsdk\core\sync\fbxatomic.h">
      <Filter>TGAFBXImporter\FBXSDK\include\fbxsdk\core\sync</Filter>
    </ClInclude>
    <ClInclude Include="..\Source\External\TGAFBXImporter\FBXSDK\include\fbxsdk\core\sync\fbxclock.h">
      <Filter>TGAFBXImporter\FBXSDK\include\fbxsdk\core\sync</Filter>
    </ClInclude>
    <ClInclude Include="..\Source\External\TGAFBXImporter\FBXSDK\include\fbxsdk\core\sync\fbxsync.h">
      <Filter>TGAFBXImporter\FBXSDK\include\fbxsdk\core\sync</Filter>
    </ClInclude>
    <ClInclude Include="..\Source\External\TGAFBXImporter\FBXSDK\include\fbxsdk\core\sync\fbxthread.h">
      <Filter>TGAFBXImporter\FBXSDK\include\fbxsdk\core\sync</Filter>
    </ClInclude>
    <ClInclude Include="..\Source\External\TGAFBXImporter\FBXSDK\include\fbxsdk\fbxsdk_def.h">
      <Filter>TGAFBXImporter\FBXSDK\include\fbxsdk</Filter>
    </ClInclude>
    <ClInclude Include="..\Source\External\TGAFBXImporter\FBXSDK\include\fbxsdk\fbxsdk_nsbegin.h">
      <Filter>TGAFBXImporter\FBXSDK\include\fbxsdk</Filter>
    </ClInclude>
    <ClInclude Include="..\Source\External\TGAFBXImporter\FBXSDK\include\fbxsdk\fbxsdk_nsend.h">
      <Filter>TGAFBXImporter\FBXSDK\include\fbxsdk</Filter>
    </ClInclude>
    <ClInclude Include="..\Source\External\TGAFBXImporter\FBXSDK\include\fbxsdk\fbxsdk_version.h">
      <Filter>TGAFBXImporter\FBXSDK\include\fbxsdk</Filter>
    </ClInclude>
    <ClInclude Include="..\Source\External\TGAFBXImporter\FBXSDK\include\fbxsdk\fileio\collada\fbxcolladaanimationelement.h">
      <Filter>TGAFBXImporter\FBXSDK\include\fbxsdk\fileio\collada</Filter>
    </ClInclude>
    <ClInclude Include="..\Source\External\TGAFBXImporter\FBXSDK\include\fbxsdk\fileio\collada\fbxcolladaelement.h">
      <Filter>TGAFBXImporter\FBXSDK\include\fbxsdk\fileio\collada</Filter>
    </ClInclude>
    <ClInclude Include="..\Source\External\TGAFBXImporter\FBXSDK\include\fbxsdk\fileio\collada\fbxcolladaiostream.h">
      <Filter>TGAFBXImporter\FBXSDK\include\fbxsdk\fileio\collada</Filter>
    </ClInclude>
    <ClInclude Include="..\Source\External\TGAFBXImporter\FBXSDK\include\fbxsdk\fileio\collada\fbxcolladanamespace.h">
      <Filter>TGAFBXImporter\FBXSDK\include\fbxsdk\fileio\collada</Filter>
    </ClInclude>
    <ClInclude Include="..\Source\External\TGAFBXImporter\FBXSDK\include\fbxsdk\fileio\collada\fbxcolladatokens.h">
      <Filter>TGAFBXImporter\FBXSDK\include\fbxsdk\fileio\collada</Filter>
    </ClInclude>
    <ClInclude Include="..\Source\External\TGAFBXImporter\FBXSDK\include\fbxsdk\fileio\collada\fbxcolladautils.h">
      <Filter>TGAFBXImporter\FBXSDK\include\fbxsdk\fileio\collada</Filter>
    </ClInclude>
    <ClInclude Include="..\Source\External\TGAFBXImporter\FBXSDK\include\fbxsdk\fileio\collada\fbxreadercollada14.h">
      <Filter>TGAFBXImporter\FBXSDK\include\fbxsdk\fileio\collada</Filter>
    </ClInclude>
    <ClInclude Include="..\Source\External\TGAFBXImporter\FBXSDK\include\fbxsdk\fileio\collada\fbxwritercollada14.h">
      <Filter>TGAFBXImporter\FBXSDK\include\fbxsdk\fileio\collada</Filter>
    </ClInclude>
    <ClInclude Include="..\Source\External\TGAFBXImporter\FBXSDK\include\fbxsdk\fileio\fbx\fbxio.h">
      <Filter>TGAFBXImporter\FBXSDK\include\fbxsdk\fileio\fbx</Filter>
    </ClInclude>
    <ClInclude Include="..\Source\External\TGAFBXImporter\FBXSDK\include\fbxsdk\fileio\fbx\fbxreaderfbx5.h">
      <Filter>TGAFBXImporter\FBXSDK\include\fbxsdk\fileio\fbx</Filter>
    </ClInclude>
    <ClInclude Include="..\Source\External\TGAFBXImporter\FBXSDK\include\fbxsdk\fileio\fbx\fbxreaderfbx6.h">
      <Filter>TGAFBXImporter\FBXSDK\include\fbxsdk\fileio\fbx</Filter>
    </ClInclude>
    <ClInclude Include="..\Source\External\TGAFBXImporter\FBXSDK\include\fbxsdk\fileio\fbx\fbxreaderfbx7.h">
      <Filter>TGAFBXImporter\FBXSDK\include\fbxsdk\fileio\fbx</Filter>
    </ClInclude>
    <ClInclude Include="..\Source\External\TGAFBXImporter\FBXSDK\include\fbxsdk\fileio\fbx\fbxwriterfbx5.h">
      <Filter>TGAFBXImporter\FBXSDK\include\fbxsdk\fileio\fbx</Filter>
    </ClInclude>
    <ClInclude Include="..\Source\External\TGAFBXImporter\FBXSDK\include\fbxsdk\fileio\fbx\fbxwriterfbx6.h">
      <Filter>TGAFBXImporter\FBXSDK\include\fbxsdk\fileio\fbx</Filter>
    </ClInclude>
    <ClInclude Include="..\Source\External\TGAFBXImporter\FBXSDK\include\fbxsdk\fileio\fbx\fbxwriterfbx7.h">
      <Filter>TGAFBXImporter\FBXSDK\include\fbxsdk\fileio\fbx</Filter>
    </ClInclude>
    <ClInclude Include="..\Source\External\TGAFBXImporter\FBXSDK\include\fbxsdk\fileio\fbxbase64coder.h">
      <Filter>TGAFBXImporter\FBXSDK\include\fbxsdk\fileio</Filter>
    </ClInclude>
    <ClInclude Include="..\Source\External\TGAFBXImporter\FBXSDK\include\fbxsdk\fileio\fbxcallbacks.h">
      <Filter>TGAFBXImporter\FBXSDK\include\fbxsdk\fileio</Filter>
    </ClInclude>
    <ClInclude Include="..\Source\External\TGAFBXImporter\FBXSDK\include\fbxsdk\fileio\fbxexporter.h">
      <Filter>TGAFBXImporter\FBXSDK\include\fbxsdk\fileio</Filter>
    </ClInclude>
    <ClInclude Include="..\Source\External\TGAFBXImporter\FBXSDK\include\fbxsdk\fileio\fbxexternaldocreflistener.h">
      <Filter>TGAFBXImporter\FBXSDK\include\fbxsdk\fileio</Filter>
    </ClInclude>
    <ClInclude Include="..\Source\External\TGAFBXImporter\FBXSDK\include\fbxsdk\fileio\fbxfiletokens.h">
      <Filter>TGAFBXImporter\FBXSDK\include\fbxsdk\fileio</Filter>
    </ClInclude>
    <ClInclude Include="..\Source\External\TGAFBXImporter\FBXSDK\include\fbxsdk\fileio\fbxglobalcamerasettings.h">
      <Filter>TGAFBXImporter\FBXSDK\include\fbxsdk\fileio</Filter>
    </ClInclude>
    <ClInclude Include="..\Source\External\TGAFBXImporter\FBXSDK\include\fbxsdk\fileio\fbxgloballightsettings.h">
      <Filter>TGAFBXImporter\FBXSDK\include\fbxsdk\fileio</Filter>
    </ClInclude>
    <ClInclude Include="..\Source\External\TGAFBXImporter\FBXSDK\include\fbxsdk\fileio\fbxglobalsettings.h">
      <Filter>TGAFBXImporter\FBXSDK\include\fbxsdk\fileio</Filter>
    </ClInclude>
    <ClInclude Include="..\Source\External\TGAFBXImporter\FBXSDK\include\fbxsdk\fileio\fbxgobo.h">
      <Filter>TGAFBXImporter\FBXSDK\include\fbxsdk\fileio</Filter>
    </ClInclude>
    <ClInclude Include="..\Source\External\TGAFBXImporter\FBXSDK\include\fbxsdk\fileio\fbximporter.h">
      <Filter>TGAFBXImporter\FBXSDK\include\fbxsdk\fileio</Filter>
    </ClInclude>
    <ClInclude Include="..\Source\External\TGAFBXImporter\FBXSDK\include\fbxsdk\fileio\fbxiobase.h">
      <Filter>TGAFBXImporter\FBXSDK\include\fbxsdk\fileio</Filter>
    </ClInclude>
    <ClInclude Include="..\Source\External\TGAFBXImporter\FBXSDK\include\fbxsdk\fileio\fbxiopluginregistry.h">
      <Filter>TGAFBXImporter\FBXSDK\include\fbxsdk\fileio</Filter>
    </ClInclude>
    <ClInclude Include="..\Source\External\TGAFBXImporter\FBXSDK\include\fbxsdk\fileio\fbxiosettings.h">
      <Filter>TGAFBXImporter\FBXSDK\include\fbxsdk\fileio</Filter>
    </ClInclude>
    <ClInclude Include="..\Source\External\TGAFBXImporter\FBXSDK\include\fbxsdk\fileio\fbxiosettingspath.h">
      <Filter>TGAFBXImporter\FBXSDK\include\fbxsdk\fileio</Filter>
    </ClInclude>
    <ClInclude Include="..\Source\External\TGAFBXImporter\FBXSDK\include\fbxsdk\fileio\fbxprogress.h">
      <Filter>TGAFBXImporter\FBXSDK\include\fbxsdk\fileio</Filter>
    </ClInclude>
    <ClInclude Include="..\Source\External\TGAFBXImporter\FBXSDK\include\fbxsdk\fileio\fbxreader.h">
      <Filter>TGAFBXImporter\FBXSDK\include\fbxsdk\fileio</Filter>
    </ClInclude>
    <ClInclude Include="..\Source\External\TGAFBXImporter\FBXSDK\include\fbxsdk\fileio\fbxstatistics.h">
      <Filter>TGAFBXImporter\FBXSDK\include\fbxsdk\fileio</Filter>
    </ClInclude>
    <ClInclude Include="..\Source\External\TGAFBXImporter\FBXSDK\include\fbxsdk\fileio\fbxstatisticsfbx.h">
      <Filter>TGAFBXImporter\FBXSDK\include\fbxsdk\fileio</Filter>
    </ClInclude>
    <ClInclude Include="..\Source\External\TGAFBXImporter\FBXSDK\include\fbxsdk\fileio\fbxwriter.h">
      <Filter>TGAFBXImporter\FBXSDK\include\fbxsdk\fileio</Filter>
    </ClInclude>
    <ClInclude Include="..\Source\External\TGAFBXImporter\FBXSDK\include\fbxsdk\scene\animation\fbxanimcurve.h">
      <Filter>TGAFBXImporter\FBXSDK\include\fbxsdk\scene\animation</Filter>
    </ClInclude>
    <ClInclude Include="..\Source\External\TGAFBXImporter\FBXSDK\include\fbxsdk\scene\animation\fbxanimcurvebase.h">
      <Filter>TGAFBXImporter\FBXSDK\include\fbxsdk\scene\animation</Filter>
    </ClInclude>
    <ClInclude Include="..\Source\External\TGAFBXImporter\FBXSDK\include\fbxsdk\scene\animation\fbxanimcurvefilters.h">
      <Filter>TGAFBXImporter\FBXSDK\include\fbxsdk\scene\animation</Filter>
    </ClInclude>
    <ClInclude Include="..\Source\External\TGAFBXImporter\FBXSDK\include\fbxsdk\scene\animation\fbxanimcurvenode.h">
      <Filter>TGAFBXImporter\FBXSDK\include\fbxsdk\scene\animation</Filter>
    </ClInclude>
    <ClInclude Include="..\Source\External\TGAFBXImporter\FBXSDK\include\fbxsdk\scene\animation\fbxanimevalclassic.h">
      <Filter>TGAFBXImporter\FBXSDK\include\fbxsdk\scene\animation</Filter>
    </ClInclude>
    <ClInclude Include="..\Source\External\TGAFBXImporter\FBXSDK\include\fbxsdk\scene\animation\fbxanimevalstate.h">
      <Filter>TGAFBXImporter\FBXSDK\include\fbxsdk\scene\animation</Filter>
    </ClInclude>
    <ClInclude Include="..\Source\External\TGAFBXImporter\FBXSDK\include\fbxsdk\scene\animation\fbxanimevaluator.h">
      <Filter>TGAFBXImporter\FBXSDK\include\fbxsdk\scene\animation</Filter>
    </ClInclude>
    <ClInclude Include="..\Source\External\TGAFBXImporter\FBXSDK\include\fbxsdk\scene\animation\fbxanimlayer.h">
      <Filter>TGAFBXImporter\FBXSDK\include\fbxsdk\scene\animation</Filter>
    </ClInclude>
    <ClInclude Include="..\Source\External\TGAFBXImporter\FBXSDK\include\fbxsdk\scene\animation\fbxanimstack.h">
      <Filter>TGAFBXImporter\FBXSDK\include\fbxsdk\scene\animation</Filter>
    </ClInclude>
    <ClInclude Include="..\Source\External\TGAFBXImporter\FBXSDK\include\fbxsdk\scene\animation\fbxanimutilities.h">
      <Filter>TGAFBXImporter\FBXSDK\include\fbxsdk\scene\animation</Filter>
    </ClInclude>
    <ClInclude Include="..\Source\External\TGAFBXImporter\FBXSDK\include\fbxsdk\scene\constraint\fbxcharacter.h">
      <Filter>TGAFBXImporter\FBXSDK\include\fbxsdk\scene\constraint</Filter>
    </ClInclude>
    <ClInclude Include="..\Source\External\TGAFBXImporter\FBXSDK\include\fbxsdk\scene\constraint\fbxcharacternodename.h">
      <Filter>TGAFBXImporter\FBXSDK\include\fbxsdk\scene\constraint</Filter>
    </ClInclude>
    <ClInclude Include="..\Source\External\TGAFBXImporter\FBXSDK\include\fbxsdk\scene\constraint\fbxcharacterpose.h">
      <Filter>TGAFBXImporter\FBXSDK\include\fbxsdk\scene\constraint</Filter>
    </ClInclude>
    <ClInclude Include="..\Source\External\TGAFBXImporter\FBXSDK\include\fbxsdk\scene\constraint\fbxconstraint.h">
      <Filter>TGAFBXImporter\FBXSDK\include\fbxsdk\scene\constraint</Filter>
    </ClInclude>
    <ClInclude Include="..\Source\External\TGAFBXImporter\FBXSDK\include\fbxsdk\scene\constraint\fbxconstraintaim.h">
      <Filter>TGAFBXImporter\FBXSDK\include\fbxsdk\scene\constraint</Filter>
    </ClInclude>
    <ClInclude Include="..\Source\External\TGAFBXImporter\FBXSDK\include\fbxsdk\scene\constraint\fbxconstraintcustom.h">
      <Filter>TGAFBXImporter\FBXSDK\include\fbxsdk\scene\constraint</Filter>
    </ClInclude>
    <ClInclude Include="..\Source\External\TGAFBXImporter\FBXSDK\include\fbxsdk\scene\constraint\fbxconstraintparent.h">
      <Filter>TGAFBXImporter\FBXSDK\include\fbxsdk\scene\constraint</Filter>
    </ClInclude>
    <ClInclude Include="..\Source\External\TGAFBXImporter\FBXSDK\include\fbxsdk\scene\constraint\fbxconstraintposition.h">
      <Filter>TGAFBXImporter\FBXSDK\include\fbxsdk\scene\constraint</Filter>
    </ClInclude>
    <ClInclude Include="..\Source\External\TGAFBXImporter\FBXSDK\include\fbxsdk\scene\constraint\fbxconstraintrotation.h">
      <Filter>TGAFBXImporter\FBXSDK\include\fbxsdk\scene\constraint</Filter>
    </ClInclude>
    <ClInclude Include="..\Source\External\TGAFBXImporter\FBXSDK\include\fbxsdk\scene\constraint\fbxconstraintscale.h">
      <Filter>TGAFBXImporter\FBXSDK\include\fbxsdk\scene\constraint</Filter>
    </ClInclude>
    <ClInclude Include="..\Source\External\TGAFBXImporter\FBXSDK\include\fbxsdk\scene\constraint\fbxconstraintsinglechainik.h">
      <Filter>TGAFBXImporter\FBXSDK\include\fbxsdk\scene\constraint</Filter>
    </ClInclude>
    <ClInclude Include="..\Source\External\TGAFBXImporter\FBXSDK\include\fbxsdk\scene\constraint\fbxconstraintutils.h">
      <Filter>TGAFBXImporter\FBXSDK\include\fbxsdk\scene\constraint</Filter>
    </ClInclude>
    <ClInclude Include="..\Source\External\TGAFBXImporter\FBXSDK\include\fbxsdk\scene\constraint\fbxcontrolset.h">
      <Filter>TGAFBXImporter\FBXSDK\include\fbxsdk\scene\constraint</Filter>
    </ClInclude>
    <ClInclude Include="..\Source\External\TGAFBXImporter\FBXSDK\include\fbxsdk\scene\constraint\fbxhik2fbxcharacter.h">
      <Filter>TGAFBXImporter\FBXSDK\include\fbxsdk\scene\constraint</Filter>
    </ClInclude>
    <ClInclude Include="..\Source\External\TGAFBXImporter\FBXSDK\include\fbxsdk\scene\fbxaudio.h">
      <Filter>TGAFBXImporter\FBXSDK\include\fbxsdk\scene</Filter>
    </ClInclude>
    <ClInclude Include="..\Source\External\TGAFBXImporter\FBXSDK\include\fbxsdk\scene\fbxaudiolayer.h">
      <Filter>TGAFBXImporter\FBXSDK\include\fbxsdk\scene</Filter>
    </ClInclude>
    <ClInclude Include="..\Source\External\TGAFBXImporter\FBXSDK\include\fbxsdk\scene\fbxaxissystem.h">
      <Filter>TGAFBXImporter\FBXSDK\include\fbxsdk\scene</Filter>
    </ClInclude>
    <ClInclude Include="..\Source\External\TGAFBXImporter\FBXSDK\include\fbxsdk\scene\fbxcollection.h">
      <Filter>TGAFBXImporter\FBXSDK\include\fbxsdk\scene</Filter>
    </ClInclude>
    <ClInclude Include="..\Source\External\TGAFBXImporter\FBXSDK\include\fbxsdk\scene\fbxcollectionexclusive.h">
      <Filter>TGAFBXImporter\FBXSDK\include\fbxsdk\scene</Filter>
    </ClInclude>
    <ClInclude Include="..\Source\External\TGAFBXImporter\FBXSDK\include\fbxsdk\scene\fbxcontainer.h">
      <Filter>TGAFBXImporter\FBXSDK\include\fbxsdk\scene</Filter>
    </ClInclude>
    <ClInclude Include="..\Source\External\TGAFBXImporter\FBXSDK\include\fbxsdk\scene\fbxcontainertemplate.h">
      <Filter>TGAFBXImporter\FBXSDK\include\fbxsdk\scene</Filter>
    </ClInclude>
    <ClInclude Include="..\Source\External\TGAFBXImporter\FBXSDK\include\fbxsdk\scene\fbxdisplaylayer.h">
      <Filter>TGAFBXImporter\FBXSDK\include\fbxsdk\scene</Filter>
    </ClInclude>
    <ClInclude Include="..\Source\External\TGAFBXImporter\FBXSDK\include\fbxsdk\scene\fbxdocument.h">
      <Filter>TGAFBXImporter\FBXSDK\include\fbxsdk\scene</Filter>
    </ClInclude>
    <ClInclude Include="..\Source\External\TGAFBXImporter\FBXSDK\include\fbxsdk\scene\fbxdocumentinfo.h">
      <Filter>TGAFBXImporter\FBXSDK\include\fbxsdk\scene</Filter>
    </ClInclude>
    <ClInclude Include="..\Source\External\TGAFBXImporter\FBXSDK\include\fbxsdk\scene\fbxenvironment.h">
      <Filter>TGAFBXImporter\FBXSDK\include\fbxsdk\scene</Filter>
    </ClInclude>
    <ClInclude Include="..\Source\External\TGAFBXImporter\FBXSDK\include\fbxsdk\scene\fbxgroupname.h">
      <Filter>TGAFBXImporter\FBXSDK\include\fbxsdk\scene</Filter>
    </ClInclude>
    <ClInclude Include="..\Source\External\TGAFBXImporter\FBXSDK\include\fbxsdk\scene\fbxlibrary.h">
      <Filter>TGAFBXImporter\FBXSDK\include\fbxsdk\scene</Filter>
    </ClInclude>
    <ClInclude Include="..\Source\External\TGAFBXImporter\FBXSDK\include\fbxsdk\scene\fbxmediaclip.h">
      <Filter>TGAFBXImporter\FBXSDK\include\fbxsdk\scene</Filter>
    </ClInclude>
    <ClInclude Include="..\Source\External\TGAFBXImporter\FBXSDK\include\fbxsdk\scene\fbxobjectfilter.h">
      <Filter>TGAFBXImporter\FBXSDK\include\fbxsdk\scene</Filter>
    </ClInclude>
    <ClInclude Include="..\Source\External\TGAFBXImporter\FBXSDK\include\fbxsdk\scene\fbxobjectmetadata.h">
      <Filter>TGAFBXImporter\FBXSDK\include\fbxsdk\scene</Filter>
    </ClInclude>
    <ClInclude Include="..\Source\External\TGAFBXImporter\FBXSDK\include\fbxsdk\scene\fbxobjectscontainer.h">
      <Filter>TGAFBXImporter\FBXSDK\include\fbxsdk\scene</Filter>
    </ClInclude>
    <ClInclude Include="..\Source\External\TGAFBXImporter\FBXSDK\include\fbxsdk\scene\fbxpose.h">
      <Filter>TGAFBXImporter\FBXSDK\include\fbxsdk\scene</Filter>
    </ClInclude>
    <ClInclude Include="..\Source\External\TGAFBXImporter\FBXSDK\include\fbxsdk\scene\fbxreference.h">
      <Filter>TGAFBXImporter\FBXSDK\include\fbxsdk\scene</Filter>
    </ClInclude>
    <ClInclude Include="..\Source\External\TGAFBXImporter\FBXSDK\include\fbxsdk\scene\fbxscene.h">
      <Filter>TGAFBXImporter\FBXSDK\include\fbxsdk\scene</Filter>
    </ClInclude>
    <ClInclude Include="..\Source\External\TGAFBXImporter\FBXSDK\include\fbxsdk\scene\fbxselectionnode.h">
      <Filter>TGAFBXImporter\FBXSDK\include\fbxsdk\scene</Filter>
    </ClInclude>
    <ClInclude Include="..\Source\External\TGAFBXImporter\FBXSDK\include\fbxsdk\scene\fbxselectionset.h">
      <Filter>TGAFBXImporter\FBXSDK\include\fbxsdk\scene</Filter>
    </ClInclude>
    <ClInclude Include="..\Source\External\TGAFBXImporter\FBXSDK\include\fbxsdk\scene\fbxtakeinfo.h">
      <Filter>TGAFBXImporter\FBXSDK\include\fbxsdk\scene</Filter>
    </ClInclude>
    <ClInclude Include="..\Source\External\TGAFBXImporter\FBXSDK\include\fbxsdk\scene\fbxthumbnail.h">
      <Filter>TGAFBXImporter\FBXSDK\include\fbxsdk\scene</Filter>
    </ClInclude>
    <ClInclude Include="..\Source\External\TGAFBXImporter\FBXSDK\include\fbxsdk\scene\fbxvideo.h">
      <Filter>TGAFBXImporter\FBXSDK\include\fbxsdk\scene</Filter>
    </ClInclude>
    <ClInclude Include="..\Source\External\TGAFBXImporter\FBXSDK\include\fbxsdk\scene\geometry\fbxblendshape.h">
      <Filter>TGAFBXImporter\FBXSDK\include\fbxsdk\scene\geometry</Filter>
    </ClInclude>
    <ClInclude Include="..\Source\External\TGAFBXImporter\FBXSDK\include\fbxsdk\scene\geometry\fbxblendshapechannel.h">
      <Filter>TGAFBXImporter\FBXSDK\include\fbxsdk\scene\geometry</Filter>
    </ClInclude>
    <ClInclude Include="..\Source\External\TGAFBXImporter\FBXSDK\include\fbxsdk\scene\geometry\fbxcache.h">
      <Filter>TGAFBXImporter\FBXSDK\include\fbxsdk\scene\geometry</Filter>
    </ClInclude>
    <ClInclude Include="..\Source\External\TGAFBXImporter\FBXSDK\include\fbxsdk\scene\geometry\fbxcachedeffect.h">
      <Filter>TGAFBXImporter\FBXSDK\include\fbxsdk\scene\geometry</Filter>
    </ClInclude>
    <ClInclude Include="..\Source\External\TGAFBXImporter\FBXSDK\include\fbxsdk\scene\geometry\fbxcamera.h">
      <Filter>TGAFBXImporter\FBXSDK\include\fbxsdk\scene\geometry</Filter>
    </ClInclude>
    <ClInclude Include="..\Source\External\TGAFBXImporter\FBXSDK\include\fbxsdk\scene\geometry\fbxcamerastereo.h">
      <Filter>TGAFBXImporter\FBXSDK\include\fbxsdk\scene\geometry</Filter>
    </ClInclude>
    <ClInclude Include="..\Source\External\TGAFBXImporter\FBXSDK\include\fbxsdk\scene\geometry\fbxcameraswitcher.h">
      <Filter>TGAFBXImporter\FBXSDK\include\fbxsdk\scene\geometry</Filter>
    </ClInclude>
    <ClInclude Include="..\Source\External\TGAFBXImporter\FBXSDK\include\fbxsdk\scene\geometry\fbxcluster.h">
      <Filter>TGAFBXImporter\FBXSDK\include\fbxsdk\scene\geometry</Filter>
    </ClInclude>
    <ClInclude Include="..\Source\External\TGAFBXImporter\FBXSDK\include\fbxsdk\scene\geometry\fbxdeformer.h">
      <Filter>TGAFBXImporter\FBXSDK\include\fbxsdk\scene\geometry</Filter>
    </ClInclude>
    <ClInclude Include="..\Source\External\TGAFBXImporter\FBXSDK\include\fbxsdk\scene\geometry\fbxgenericnode.h">
      <Filter>TGAFBXImporter\FBXSDK\include\fbxsdk\scene\geometry</Filter>
    </ClInclude>
    <ClInclude Include="..\Source\External\TGAFBXImporter\FBXSDK\include\fbxsdk\scene\geometry\fbxgeometry.h">
      <Filter>TGAFBXImporter\FBXSDK\include\fbxsdk\scene\geometry</Filter>
    </ClInclude>
    <ClInclude Include="..\Source\External\TGAFBXImporter\FBXSDK\include\fbxsdk\scene\geometry\fbxgeometrybase.h">
      <Filter>TGAFBXImporter\FBXSDK\include\fbxsdk\scene\geometry</Filter>
    </ClInclude>
    <ClInclude Include="..\Source\External\TGAFBXImporter\FBXSDK\include\fbxsdk\scene\geometry\fbxgeometryweightedmap.h">
      <Filter>TGAFBXImporter\FBXSDK\include\fbxsdk\scene\geometry</Filter>
    </ClInclude>
    <ClInclude Include="..\Source\External\TGAFBXImporter\FBXSDK\include\fbxsdk\scene\geometry\fbxlayer.h">
      <Filter>TGAFBXImporter\FBXSDK\include\fbxsdk\scene\geometry</Filter>
    </ClInclude>
    <ClInclude Include="..\Source\External\TGAFBXImporter\FBXSDK\include\fbxsdk\scene\geometry\fbxlayercontainer.h">
      <Filter>TGAFBXImporter\FBXSDK\include\fbxsdk\scene\geometry</Filter>
    </ClInclude>
    <ClInclude Include="..\Source\External\TGAFBXImporter\FBXSDK\include\fbxsdk\scene\geometry\fbxlight.h">
      <Filter>TGAFBXImporter\FBXSDK\include\fbxsdk\scene\geometry</Filter>
    </ClInclude>
    <ClInclude Include="..\Source\External\TGAFBXImporter\FBXSDK\include\fbxsdk\scene\geometry\fbxlimitsutilities.h">
      <Filter>TGAFBXImporter\FBXSDK\include\fbxsdk\scene\geometry</Filter>
    </ClInclude>
    <ClInclude Include="..\Source\External\TGAFBXImporter\FBXSDK\include\fbxsdk\scene\geometry\fbxline.h">
      <Filter>TGAFBXImporter\FBXSDK\include\fbxsdk\scene\geometry</Filter>
    </ClInclude>
    <ClInclude Include="..\Source\External\TGAFBXImporter\FBXSDK\include\fbxsdk\scene\geometry\fbxlodgroup.h">
      <Filter>TGAFBXImporter\FBXSDK\include\fbxsdk\scene\geometry</Filter>
    </ClInclude>
    <ClInclude Include="..\Source\External\TGAFBXImporter\FBXSDK\include\fbxsdk\scene\geometry\fbxmarker.h">
      <Filter>TGAFBXImporter\FBXSDK\include\fbxsdk\scene\geometry</Filter>
    </ClInclude>
    <ClInclude Include="..\Source\External\TGAFBXImporter\FBXSDK\include\fbxsdk\scene\geometry\fbxmesh.h">
      <Filter>TGAFBXImporter\FBXSDK\include\fbxsdk\scene\geometry</Filter>
    </ClInclude>
    <ClInclude Include="..\Source\External\TGAFBXImporter\FBXSDK\include\fbxsdk\scene\geometry\fbxnode.h">
      <Filter>TGAFBXImporter\FBXSDK\include\fbxsdk\scene\geometry</Filter>
    </ClInclude>
    <ClInclude Include="..\Source\External\TGAFBXImporter\FBXSDK\include\fbxsdk\scene\geometry\fbxnodeattribute.h">
      <Filter>TGAFBXImporter\FBXSDK\include\fbxsdk\scene\geometry</Filter>
    </ClInclude>
    <ClInclude Include="..\Source\External\TGAFBXImporter\FBXSDK\include\fbxsdk\scene\geometry\fbxnull.h">
      <Filter>TGAFBXImporter\FBXSDK\include\fbxsdk\scene\geometry</Filter>
    </ClInclude>
    <ClInclude Include="..\Source\External\TGAFBXImporter\FBXSDK\include\fbxsdk\scene\geometry\fbxnurbs.h">
      <Filter>TGAFBXImporter\FBXSDK\include\fbxsdk\scene\geometry</Filter>
    </ClInclude>
    <ClInclude Include="..\Source\External\TGAFBXImporter\FBXSDK\include\fbxsdk\scene\geometry\fbxnurbscurve.h">
      <Filter>TGAFBXImporter\FBXSDK\include\fbxsdk\scene\geometry</Filter>
    </ClInclude>
    <ClInclude Include="..\Source\External\TGAFBXImporter\FBXSDK\include\fbxsdk\scene\geometry\fbxnurbssurface.h">
      <Filter>TGAFBXImporter\FBXSDK\include\fbxsdk\scene\geometry</Filter>
    </ClInclude>
    <ClInclude Include="..\Source\External\TGAFBXImporter\FBXSDK\include\fbxsdk\scene\geometry\fbxopticalreference.h">
      <Filter>TGAFBXImporter\FBXSDK\include\fbxsdk\scene\geometry</Filter>
    </ClInclude>
    <ClInclude Include="..\Source\External\TGAFBXImporter\FBXSDK\include\fbxsdk\scene\geometry\fbxpatch.h">
      <Filter>TGAFBXImporter\FBXSDK\include\fbxsdk\scene\geometry</Filter>
    </ClInclude>
    <ClInclude Include="..\Source\External\TGAFBXImporter\FBXSDK\include\fbxsdk\scene\geometry\fbxproceduralgeometry.h">
      <Filter>TGAFBXImporter\FBXSDK\include\fbxsdk\scene\geometry</Filter>
    </ClInclude>
    <ClInclude Include="..\Source\External\TGAFBXImporter\FBXSDK\include\fbxsdk\scene\geometry\fbxshape.h">
      <Filter>TGAFBXImporter\FBXSDK\include\fbxsdk\scene\geometry</Filter>
    </ClInclude>
    <ClInclude Include="..\Source\External\TGAFBXImporter\FBXSDK\include\fbxsdk\scene\geometry\fbxskeleton.h">
      <Filter>TGAFBXImporter\FBXSDK\include\fbxsdk\scene\geometry</Filter>
    </ClInclude>
    <ClInclude Include="..\Source\External\TGAFBXImporter\FBXSDK\include\fbxsdk\scene\geometry\fbxskin.h">
      <Filter>TGAFBXImporter\FBXSDK\include\fbxsdk\scene\geometry</Filter>
    </ClInclude>
    <ClInclude Include="..\Source\External\TGAFBXImporter\FBXSDK\include\fbxsdk\scene\geometry\fbxsubdeformer.h">
      <Filter>TGAFBXImporter\FBXSDK\include\fbxsdk\scene\geometry</Filter>
    </ClInclude>
    <ClInclude Include="..\Source\External\TGAFBXImporter\FBXSDK\include\fbxsdk\scene\geometry\fbxsubdiv.h">
      <Filter>TGAFBXImporter\FBXSDK\include\fbxsdk\scene\geometry</Filter>
    </ClInclude>
    <ClInclude Include="..\Source\External\TGAFBXImporter\FBXSDK\include\fbxsdk\scene\geometry\fbxtrimnurbssurface.h">
      <Filter>TGAFBXImporter\FBXSDK\include\fbxsdk\scene\geometry</Filter>
    </ClInclude>
    <ClInclude Include="..\Source\External\TGAFBXImporter\FBXSDK\include\fbxsdk\scene\geometry\fbxvertexcachedeformer.h">
      <Filter>TGAFBXImporter\FBXSDK\include\fbxsdk\scene\geometry</Filter>
    </ClInclude>
    <ClInclude Include="..\Source\External\TGAFBXImporter\FBXSDK\include\fbxsdk\scene\geometry\fbxweightedmapping.h">
      <Filter>TGAFBXImporter\FBXSDK\include\fbxsdk\scene\geometry</Filter>
    </ClInclude>
    <ClInclude Include="..\Source\External\TGAFBXImporter\FBXSDK\include\fbxsdk\scene\shading\fbxbindingoperator.h">
      <Filter>TGAFBXImporter\FBXSDK\include\fbxsdk\scene\shading</Filter>
    </ClInclude>
    <ClInclude Include="..\Source\External\TGAFBXImporter\FBXSDK\include\fbxsdk\scene\shading\fbxbindingsentryview.h">
      <Filter>TGAFBXImporter\FBXSDK\include\fbxsdk\scene\shading</Filter>
    </ClInclude>
    <ClInclude Include="..\Source\External\TGAFBXImporter\FBXSDK\include\fbxsdk\scene\shading\fbxbindingtable.h">
      <Filter>TGAFBXImporter\FBXSDK\include\fbxsdk\scene\shading</Filter>
    </ClInclude>
    <ClInclude Include="..\Source\External\TGAFBXImporter\FBXSDK\include\fbxsdk\scene\shading\fbxbindingtablebase.h">
      <Filter>TGAFBXImporter\FBXSDK\include\fbxsdk\scene\shading</Filter>
    </ClInclude>
    <ClInclude Include="..\Source\External\TGAFBXImporter\FBXSDK\include\fbxsdk\scene\shading\fbxbindingtableentry.h">
      <Filter>TGAFBXImporter\FBXSDK\include\fbxsdk\scene\shading</Filter>
    </ClInclude>
    <ClInclude Include="..\Source\External\TGAFBXImporter\FBXSDK\include\fbxsdk\scene\shading\fbxconstantentryview.h">
      <Filter>TGAFBXImporter\FBXSDK\include\fbxsdk\scene\shading</Filter>
    </ClInclude>
    <ClInclude Include="..\Source\External\TGAFBXImporter\FBXSDK\include\fbxsdk\scene\shading\fbxentryview.h">
      <Filter>TGAFBXImporter\FBXSDK\include\fbxsdk\scene\shading</Filter>
    </ClInclude>
    <ClInclude Include="..\Source\External\TGAFBXImporter\FBXSDK\include\fbxsdk\scene\shading\fbxfiletexture.h">
      <Filter>TGAFBXImporter\FBXSDK\include\fbxsdk\scene\shading</Filter>
    </ClInclude>
    <ClInclude Include="..\Source\External\TGAFBXImporter\FBXSDK\include\fbxsdk\scene\shading\fbximplementation.h">
      <Filter>TGAFBXImporter\FBXSDK\include\fbxsdk\scene\shading</Filter>
    </ClInclude>
    <ClInclude Include="..\Source\External\TGAFBXImporter\FBXSDK\include\fbxsdk\scene\shading\fbximplementationfilter.h">
      <Filter>TGAFBXImporter\FBXSDK\include\fbxsdk\scene\shading</Filter>
    </ClInclude>
    <ClInclude Include="..\Source\External\TGAFBXImporter\FBXSDK\include\fbxsdk\scene\shading\fbximplementationutils.h">
      <Filter>TGAFBXImporter\FBXSDK\include\fbxsdk\scene\shading</Filter>
    </ClInclude>
    <ClInclude Include="..\Source\External\TGAFBXImporter\FBXSDK\include\fbxsdk\scene\shading\fbxlayeredtexture.h">
      <Filter>TGAFBXImporter\FBXSDK\include\fbxsdk\scene\shading</Filter>
    </ClInclude>
    <ClInclude Include="..\Source\External\TGAFBXImporter\FBXSDK\include\fbxsdk\scene\shading\fbxlayerentryview.h">
      <Filter>TGAFBXImporter\FBXSDK\include\fbxsdk\scene\shading</Filter>
    </ClInclude>
    <ClInclude Include="..\Source\External\TGAFBXImporter\FBXSDK\include\fbxsdk\scene\shading\fbxoperatorentryview.h">
      <Filter>TGAFBXImporter\FBXSDK\include\fbxsdk\scene\shading</Filter>
    </ClInclude>
    <ClInclude Include="..\Source\External\TGAFBXImporter\FBXSDK\include\fbxsdk\scene\shading\fbxproceduraltexture.h">
      <Filter>TGAFBXImporter\FBXSDK\include\fbxsdk\scene\shading</Filter>
    </ClInclude>
    <ClInclude Include="..\Source\External\TGAFBXImporter\FBXSDK\include\fbxsdk\scene\shading\fbxpropertyentryview.h">
      <Filter>TGAFBXImporter\FBXSDK\include\fbxsdk\scene\shading</Filter>
    </ClInclude>
    <ClInclude Include="..\Source\External\TGAFBXImporter\FBXSDK\include\fbxsdk\scene\shading\fbxsemanticentryview.h">
      <Filter>TGAFBXImporter\FBXSDK\include\fbxsdk\scene\shading</Filter>
    </ClInclude>
    <ClInclude Include="..\Source\External\TGAFBXImporter\FBXSDK\include\fbxsdk\scene\shading\fbxshadingconventions.h">
      <Filter>TGAFBXImporter\FBXSDK\include\fbxsdk\scene\shading</Filter>
    </ClInclude>
    <ClInclude Include="..\Source\External\TGAFBXImporter\FBXSDK\include\fbxsdk\scene\shading\fbxsurfacelambert.h">
      <Filter>TGAFBXImporter\FBXSDK\include\fbxsdk\scene\shading</Filter>
    </ClInclude>
    <ClInclude Include="..\Source\External\TGAFBXImporter\FBXSDK\include\fbxsdk\scene\shading\fbxsurfacematerial.h">
      <Filter>TGAFBXImporter\FBXSDK\include\fbxsdk\scene\shading</Filter>
    </ClInclude>
    <ClInclude Include="..\Source\External\TGAFBXImporter\FBXSDK\include\fbxsdk\scene\shading\fbxsurfacephong.h">
      <Filter>TGAFBXImporter\FBXSDK\include\fbxsdk\scene\shading</Filter>
    </ClInclude>
    <ClInclude Include="..\Source\External\TGAFBXImporter\FBXSDK\include\fbxsdk\scene\shading\fbxtexture.h">
      <Filter>TGAFBXImporter\FBXSDK\include\fbxsdk\scene\shading</Filter>
    </ClInclude>
    <ClInclude Include="..\Source\External\TGAFBXImporter\FBXSDK\include\fbxsdk\utils\fbxclonemanager.h">
      <Filter>TGAFBXImporter\FBXSDK\include\fbxsdk\utils</Filter>
    </ClInclude>
    <ClInclude Include="..\Source\External\TGAFBXImporter\FBXSDK\include\fbxsdk\utils\fbxdeformationsevaluator.h">
      <Filter>TGAFBXImporter\FBXSDK\include\fbxsdk\utils</Filter>
    </ClInclude>
    <ClInclude Include="..\Source\External\TGAFBXImporter\FBXSDK\include\fbxsdk\utils\fbxembeddedfilesaccumulator.h">
      <Filter>TGAFBXImporter\FBXSDK\include\fbxsdk\utils</Filter>
    </ClInclude>
    <ClInclude Include="..\Source\External\TGAFBXImporter\FBXSDK\include\fbxsdk\utils\fbxgeometryconverter.h">
      <Filter>TGAFBXImporter\FBXSDK\include\fbxsdk\utils</Filter>
    </ClInclude>
    <ClInclude Include="..\Source\External\TGAFBXImporter\FBXSDK\include\fbxsdk\utils\fbxmanipulators.h">
      <Filter>TGAFBXImporter\FBXSDK\include\fbxsdk\utils</Filter>
    </ClInclude>
    <ClInclude Include="..\Source\External\TGAFBXImporter\FBXSDK\include\fbxsdk\utils\fbxmaterialconverter.h">
      <Filter>TGAFBXImporter\FBXSDK\include\fbxsdk\utils</Filter>
    </ClInclude>
    <ClInclude Include="..\Source\External\TGAFBXImporter\FBXSDK\include\fbxsdk\utils\fbxnamehandler.h">
      <Filter>TGAFBXImporter\FBXSDK\include\fbxsdk\utils</Filter>
    </ClInclude>
    <ClInclude Include="..\Source\External\TGAFBXImporter\FBXSDK\include\fbxsdk\utils\fbxprocessor.h">
      <Filter>TGAFBXImporter\FBXSDK\include\fbxsdk\utils</Filter>
    </ClInclude>
    <ClInclude Include="..\Source\External\TGAFBXImporter\FBXSDK\include\fbxsdk\utils\fbxprocessorshaderdependency.h">
      <Filter>TGAFBXImporter\FBXSDK\include\fbxsdk\utils</Filter>
    </ClInclude>
    <ClInclude Include="..\Source\External\TGAFBXImporter\FBXSDK\include\fbxsdk\utils\fbxprocessorxref.h">
      <Filter>TGAFBXImporter\FBXSDK\include\fbxsdk\utils</Filter>
    </ClInclude>
    <ClInclude Include="..\Source\External\TGAFBXImporter\FBXSDK\include\fbxsdk\utils\fbxprocessorxrefuserlib.h">
      <Filter>TGAFBXImporter\FBXSDK\include\fbxsdk\utils</Filter>
    </ClInclude>
    <ClInclude Include="..\Source\External\TGAFBXImporter\FBXSDK\include\fbxsdk\utils\fbxrenamingstrategy.h">
      <Filter>TGAFBXImporter\FBXSDK\include\fbxsdk\utils</Filter>
    </ClInclude>
    <ClInclude Include="..\Source\External\TGAFBXImporter\FBXSDK\include\fbxsdk\utils\fbxrenamingstrategybase.h">
      <Filter>TGAFBXImporter\FBXSDK\include\fbxsdk\utils</Filter>
    </ClInclude>
    <ClInclude Include="..\Source\External\TGAFBXImporter\FBXSDK\include\fbxsdk\utils\fbxrenamingstrategyfbx5.h">
      <Filter>TGAFBXImporter\FBXSDK\include\fbxsdk\utils</Filter>
    </ClInclude>
    <ClInclude Include="..\Source\External\TGAFBXImporter\FBXSDK\include\fbxsdk\utils\fbxrenamingstrategyfbx6.h">
      <Filter>TGAFBXImporter\FBXSDK\include\fbxsdk\utils</Filter>
    </ClInclude>
    <ClInclude Include="..\Source\External\TGAFBXImporter\FBXSDK\include\fbxsdk\utils\fbxrenamingstrategyfbx7.h">
      <Filter>TGAFBXImporter\FBXSDK\include\fbxsdk\utils</Filter>
    </ClInclude>
    <ClInclude Include="..\Source\External\TGAFBXImporter\FBXSDK\include\fbxsdk\utils\fbxrenamingstrategyutilities.h">
      <Filter>TGAFBXImporter\FBXSDK\include\fbxsdk\utils</Filter>
    </ClInclude>
    <ClInclude Include="..\Source\External\TGAFBXImporter\FBXSDK\include\fbxsdk\utils\fbxrootnodeutility.h">
      <Filter>TGAFBXImporter\FBXSDK\include\fbxsdk\utils</Filter>
    </ClInclude>
    <ClInclude Include="..\Source\External\TGAFBXImporter\FBXSDK\include\fbxsdk\utils\fbxscenecheckutility.h">
      <Filter>TGAFBXImporter\FBXSDK\include\fbxsdk\utils</Filter>
    </ClInclude>
    <ClInclude Include="..\Source\External\TGAFBXImporter\FBXSDK\include\fbxsdk\utils\fbxusernotification.h">
      <Filter>TGAFBXImporter\FBXSDK\include\fbxsdk\utils</Filter>
    </ClInclude>
    <ClInclude Include="..\Source\External\TGAFBXImporter\FBXSDK\include\libxml2\libxml\DOCBparser.h">
      <Filter>TGAFBXImporter\FBXSDK\include\libxml2\libxml</Filter>
    </ClInclude>
    <ClInclude Include="..\Source\External\TGAFBXImporter\FBXSDK\include\libxml2\libxml\HTMLparser.h">
      <Filter>TGAFBXImporter\FBXSDK\include\libxml2\libxml</Filter>
    </ClInclude>
    <ClInclude Include="..\Source\External\TGAFBXImporter\FBXSDK\include\libxml2\libxml\HTMLtree.h">
      <Filter>TGAFBXImporter\FBXSDK\include\libxml2\libxml</Filter>
    </ClInclude>
    <ClInclude Include="..\Source\External\TGAFBXImporter\FBXSDK\include\libxml2\libxml\SAX.h">
      <Filter>TGAFBXImporter\FBXSDK\include\libxml2\libxml</Filter>
    </ClInclude>
    <ClInclude Include="..\Source\External\TGAFBXImporter\FBXSDK\include\libxml2\libxml\SAX2.h">
      <Filter>TGAFBXImporter\FBXSDK\include\libxml2\libxml</Filter>
    </ClInclude>
    <ClInclude Include="..\Source\External\TGAFBXImporter\FBXSDK\include\libxml2\libxml\c14n.h">
      <Filter>TGAFBXImporter\FBXSDK\include\libxml2\libxml</Filter>
    </ClInclude>
    <ClInclude Include="..\Source\External\TGAFBXImporter\FBXSDK\include\libxml2\libxml\catalog.h">
      <Filter>TGAFBXImporter\FBXSDK\include\libxml2\libxml</Filter>
    </ClInclude>
    <ClInclude Include="..\Source\External\TGAFBXImporter\FBXSDK\include\libxml2\libxml\chvalid.h">
      <Filter>TGAFBXImporter\FBXSDK\include\libxml2\libxml</Filter>
    </ClInclude>
    <ClInclude Include="..\Source\External\TGAFBXImporter\FBXSDK\include\libxml2\libxml\debugXML.h">
      <Filter>TGAFBXImporter\FBXSDK\include\libxml2\libxml</Filter>
    </ClInclude>
    <ClInclude Include="..\Source\External\TGAFBXImporter\FBXSDK\include\libxml2\libxml\dict.h">
      <Filter>TGAFBXImporter\FBXSDK\include\libxml2\libxml</Filter>
    </ClInclude>
    <ClInclude Include="..\Source\External\TGAFBXImporter\FBXSDK\include\libxml2\libxml\encoding.h">
      <Filter>TGAFBXImporter\FBXSDK\include\libxml2\libxml</Filter>
    </ClInclude>
    <ClInclude Include="..\Source\External\TGAFBXImporter\FBXSDK\include\libxml2\libxml\entities.h">
      <Filter>TGAFBXImporter\FBXSDK\include\libxml2\libxml</Filter>
    </ClInclude>
    <ClInclude Include="..\Source\External\TGAFBXImporter\FBXSDK\include\libxml2\libxml\globals.h">
      <Filter>TGAFBXImporter\FBXSDK\include\libxml2\libxml</Filter>
    </ClInclude>
    <ClInclude Include="..\Source\External\TGAFBXImporter\FBXSDK\include\libxml2\libxml\hash.h">
      <Filter>TGAFBXImporter\FBXSDK\include\libxml2\libxml</Filter>
    </ClInclude>
    <ClInclude Include="..\Source\External\TGAFBXImporter\FBXSDK\include\libxml2\libxml\list.h">
      <Filter>TGAFBXImporter\FBXSDK\include\libxml2\libxml</Filter>
    </ClInclude>
    <ClInclude Include="..\Source\External\TGAFBXImporter\FBXSDK\include\libxml2\libxml\nanoftp.h">
      <Filter>TGAFBXImporter\FBXSDK\include\libxml2\libxml</Filter>
    </ClInclude>
    <ClInclude Include="..\Source\External\TGAFBXImporter\FBXSDK\include\libxml2\libxml\nanohttp.h">
      <Filter>TGAFBXImporter\FBXSDK\include\libxml2\libxml</Filter>
    </ClInclude>
    <ClInclude Include="..\Source\External\TGAFBXImporter\FBXSDK\include\libxml2\libxml\parser.h">
      <Filter>TGAFBXImporter\FBXSDK\include\libxml2\libxml</Filter>
    </ClInclude>
    <ClInclude Include="..\Source\External\TGAFBXImporter\FBXSDK\include\libxml2\libxml\parserInternals.h">
      <Filter>TGAFBXImporter\FBXSDK\include\libxml2\libxml</Filter>
    </ClInclude>
    <ClInclude Include="..\Source\External\TGAFBXImporter\FBXSDK\include\libxml2\libxml\pattern.h">
      <Filter>TGAFBXImporter\FBXSDK\include\libxml2\libxml</Filter>
    </ClInclude>
    <ClInclude Include="..\Source\External\TGAFBXImporter\FBXSDK\include\libxml2\libxml\relaxng.h">
      <Filter>TGAFBXImporter\FBXSDK\include\libxml2\libxml</Filter>
    </ClInclude>
    <ClInclude Include="..\Source\External\TGAFBXImporter\FBXSDK\include\libxml2\libxml\schemasInternals.h">
      <Filter>TGAFBXImporter\FBXSDK\include\libxml2\libxml</Filter>
    </ClInclude>
    <ClInclude Include="..\Source\External\TGAFBXImporter\FBXSDK\include\libxml2\libxml\schematron.h">
      <Filter>TGAFBXImporter\FBXSDK\include\libxml2\libxml</Filter>
    </ClInclude>
    <ClInclude Include="..\Source\External\TGAFBXImporter\FBXSDK\include\libxml2\libxml\threads.h">
      <Filter>TGAFBXImporter\FBXSDK\include\libxml2\libxml</Filter>
    </ClInclude>
    <ClInclude Include="..\Source\External\TGAFBXImporter\FBXSDK\include\libxml2\libxml\tree.h">
      <Filter>TGAFBXImporter\FBXSDK\include\libxml2\libxml</Filter>
    </ClInclude>
    <ClInclude Include="..\Source\External\TGAFBXImporter\FBXSDK\include\libxml2\libxml\uri.h">
      <Filter>TGAFBXImporter\FBXSDK\include\libxml2\libxml</Filter>
    </ClInclude>
    <ClInclude Include="..\Source\External\TGAFBXImporter\FBXSDK\include\libxml2\libxml\valid.h">
      <Filter>TGAFBXImporter\FBXSDK\include\libxml2\libxml</Filter>
    </ClInclude>
    <ClInclude Include="..\Source\External\TGAFBXImporter\FBXSDK\include\libxml2\libxml\xinclude.h">
      <Filter>TGAFBXImporter\FBXSDK\include\libxml2\libxml</Filter>
    </ClInclude>
    <ClInclude Include="..\Source\External\TGAFBXImporter\FBXSDK\include\libxml2\libxml\xlink.h">
      <Filter>TGAFBXImporter\FBXSDK\include\libxml2\libxml</Filter>
    </ClInclude>
    <ClInclude Include="..\Source\External\TGAFBXImporter\FBXSDK\include\libxml2\libxml\xmlIO.h">
      <Filter>TGAFBXImporter\FBXSDK\include\libxml2\libxml</Filter>
    </ClInclude>
    <ClInclude Include="..\Source\External\TGAFBXImporter\FBXSDK\include\libxml2\libxml\xmlautomata.h">
      <Filter>TGAFBXImporter\FBXSDK\include\libxml2\libxml</Filter>
    </ClInclude>
    <ClInclude Include="..\Source\External\TGAFBXImporter\FBXSDK\include\libxml2\libxml\xmlerror.h">
      <Filter>TGAFBXImporter\FBXSDK\include\libxml2\libxml</Filter>
    </ClInclude>
    <ClInclude Include="..\Source\External\TGAFBXImporter\FBXSDK\include\libxml2\libxml\xmlexports.h">
      <Filter>TGAFBXImporter\FBXSDK\include\libxml2\libxml</Filter>
    </ClInclude>
    <ClInclude Include="..\Source\External\TGAFBXImporter\FBXSDK\include\libxml2\libxml\xmlmemory.h">
      <Filter>TGAFBXImporter\FBXSDK\include\libxml2\libxml</Filter>
    </ClInclude>
    <ClInclude Include="..\Source\External\TGAFBXImporter\FBXSDK\include\libxml2\libxml\xmlmodule.h">
      <Filter>TGAFBXImporter\FBXSDK\include\libxml2\libxml</Filter>
    </ClInclude>
    <ClInclude Include="..\Source\External\TGAFBXImporter\FBXSDK\include\libxml2\libxml\xmlreader.h">
      <Filter>TGAFBXImporter\FBXSDK\include\libxml2\libxml</Filter>
    </ClInclude>
    <ClInclude Include="..\Source\External\TGAFBXImporter\FBXSDK\include\libxml2\libxml\xmlregexp.h">
      <Filter>TGAFBXImporter\FBXSDK\include\libxml2\libxml</Filter>
    </ClInclude>
    <ClInclude Include="..\Source\External\TGAFBXImporter\FBXSDK\include\libxml2\libxml\xmlsave.h">
      <Filter>TGAFBXImporter\FBXSDK\include\libxml2\libxml</Filter>
    </ClInclude>
    <ClInclude Include="..\Source\External\TGAFBXImporter\FBXSDK\include\libxml2\libxml\xmlschemas.h">
      <Filter>TGAFBXImporter\FBXSDK\include\libxml2\libxml</Filter>
    </ClInclude>
    <ClInclude Include="..\Source\External\TGAFBXImporter\FBXSDK\include\libxml2\libxml\xmlschemastypes.h">
      <Filter>TGAFBXImporter\FBXSDK\include\libxml2\libxml</Filter>
    </ClInclude>
    <ClInclude Include="..\Source\External\TGAFBXImporter\FBXSDK\include\libxml2\libxml\xmlstring.h">
      <Filter>TGAFBXImporter\FBXSDK\include\libxml2\libxml</Filter>
    </ClInclude>
    <ClInclude Include="..\Source\External\TGAFBXImporter\FBXSDK\include\libxml2\libxml\xmlunicode.h">
      <Filter>TGAFBXImporter\FBXSDK\include\libxml2\libxml</Filter>
    </ClInclude>
    <ClInclude Include="..\Source\External\TGAFBXImporter\FBXSDK\include\libxml2\libxml\xmlversion.h">
      <Filter>TGAFBXImporter\FBXSDK\include\libxml2\libxml</Filter>
    </ClInclude>
    <ClInclude Include="..\Source\External\TGAFBXImporter\FBXSDK\include\libxml2\libxml\xmlwin32version.h">
      <Filter>TGAFBXImporter\FBXSDK\include\libxml2\libxml</Filter>
    </ClInclude>
    <ClInclude Include="..\Source\External\TGAFBXImporter\FBXSDK\include\libxml2\libxml\xmlwriter.h">
      <Filter>TGAFBXImporter\FBXSDK\include\libxml2\libxml</Filter>
    </ClInclude>
    <ClInclude Include="..\Source\External\TGAFBXImporter\FBXSDK\include\libxml2\libxml\xpath.h">
      <Filter>TGAFBXImporter\FBXSDK\include\libxml2\libxml</Filter>
    </ClInclude>
    <ClInclude Include="..\Source\External\TGAFBXImporter\FBXSDK\include\libxml2\libxml\xpathInternals.h">
      <Filter>TGAFBXImporter\FBXSDK\include\libxml2\libxml</Filter>
    </ClInclude>
    <ClInclude Include="..\Source\External\TGAFBXImporter\FBXSDK\include\libxml2\libxml\xpointer.h">
      <Filter>TGAFBXImporter\FBXSDK\include\libxml2\libxml</Filter>
    </ClInclude>
    <ClInclude Include="..\Source\External\TGAFBXImporter\source\FBXImporter.h">
      <Filter>TGAFBXImporter\source</Filter>
    </ClInclude>
    <ClInclude Include="..\Source\External\TGAFBXImporter\source\FBXImporterStructs.h">
      <Filter>TGAFBXImporter\source</Filter>
    </ClInclude>
    <ClInclude Include="..\Source\External\TGAFBXImporter\source\Internal.inl">
      <Filter>TGAFBXImporter\source</Filter>
    </ClInclude>
    <ClInclude Include="..\Source\External\TGAFBXImporter\source\TGAFBXImporter.pch.h">
      <Filter>TGAFBXImporter\source</Filter>
    </ClInclude>
    <ClInclude Include="..\Source\External\TGAFBXImporter\source\framework.h">
      <Filter>TGAFBXImporter\source</Filter>
    </ClInclude>
    <ClInclude Include="..\Source\External\WinPixEventRuntime\PIXEvents.h">
      <Filter>WinPixEventRuntime</Filter>
    </ClInclude>
    <ClInclude Include="..\Source\External\WinPixEventRuntime\PIXEventsCommon.h">
      <Filter>WinPixEventRuntime</Filter>
    </ClInclude>
    <ClInclude Include="..\Source\External\WinPixEventRuntime\pix3.h">
      <Filter>WinPixEventRuntime</Filter>
    </ClInclude>
    <ClInclude Include="..\Source\External\WinPixEventRuntime\pix3_win.h">
      <Filter>WinPixEventRuntime</Filter>
    </ClInclude>
    <ClInclude Include="..\Source\External\assimp\BaseImporter.h">
      <Filter>assimp</Filter>
    </ClInclude>
    <ClInclude Include="..\Source\External\assimp\Bitmap.h">
      <Filter>assimp</Filter>
    </ClInclude>
    <ClInclude Include="..\Source\External\assimp\BlobIOSystem.h">
      <Filter>assimp</Filter>
    </ClInclude>
    <ClInclude Include="..\Source\External\assimp\ByteSwapper.h">
      <Filter>assimp</Filter>
    </ClInclude>
    <ClInclude Include="..\Source\External\assimp\Compiler\poppack1.h">
      <Filter>assimp\Compiler</Filter>
    </ClInclude>
    <ClInclude Include="..\Source\External\assimp\Compiler\pstdint.h">
      <Filter>assimp\Compiler</Filter>
    </ClInclude>
    <ClInclude Include="..\Source\External\assimp\Compiler\pushpack1.h">
      <Filter>assimp\Compiler</Filter>
    </ClInclude>
    <ClInclude Include="..\Source\External\assimp\CreateAnimMesh.h">
      <Filter>assimp</Filter>
    </ClInclude>
    <ClInclude Include="..\Source\External\assimp\DefaultIOStream.h">
      <Filter>assimp</Filter>
    </ClInclude>
    <ClInclude Include="..\Source\External\assimp\DefaultIOSystem.h">
      <Filter>assimp</Filter>
    </ClInclude>
    <ClInclude Include="..\Source\External\assimp\DefaultLogger.hpp">
      <Filter>assimp</Filter>
    </ClInclude>
    <ClInclude Include="..\Source\External\assimp\Defines.h">
      <Filter>assimp</Filter>
    </ClInclude>
    <ClInclude Include="..\Source\External\assimp\Exceptional.h">
      <Filter>assimp</Filter>
    </ClInclude>
    <ClInclude Include="..\Source\External\assimp\Exporter.hpp">
      <Filter>assimp</Filter>
    </ClInclude>
    <ClInclude Include="..\Source\External\assimp\GenericProperty.h">
      <Filter>assimp</Filter>
    </ClInclude>
    <ClInclude Include="..\Source\External\assimp\Hash.h">
      <Filter>assimp</Filter>
    </ClInclude>
    <ClInclude Include="..\Source\External\assimp\IOStream.hpp">
      <Filter>assimp</Filter>
    </ClInclude>
    <ClInclude Include="..\Source\External\assimp\IOStreamBuffer.h">
      <Filter>assimp</Filter>
    </ClInclude>
    <ClInclude Include="..\Source\External\assimp\IOSystem.hpp">
      <Filter>assimp</Filter>
    </ClInclude>
    <ClInclude Include="..\Source\External\assimp\Importer.hpp">
      <Filter>assimp</Filter>
    </ClInclude>
    <ClInclude Include="..\Source\External\assimp\LineSplitter.h">
      <Filter>assimp</Filter>
    </ClInclude>
    <ClInclude Include="..\Source\External\assimp\LogAux.h">
      <Filter>assimp</Filter>
    </ClInclude>
    <ClInclude Include="..\Source\External\assimp\LogStream.hpp">
      <Filter>assimp</Filter>
    </ClInclude>
    <ClInclude Include="..\Source\External\assimp\Logger.hpp">
      <Filter>assimp</Filter>
    </ClInclude>
    <ClInclude Include="..\Source\External\assimp\Macros.h">
      <Filter>assimp</Filter>
    </ClInclude>
    <ClInclude Include="..\Source\External\assimp\MathFunctions.h">
      <Filter>assimp</Filter>
    </ClInclude>
    <ClInclude Include="..\Source\External\assimp\MemoryIOWrapper.h">
      <Filter>assimp</Filter>
    </ClInclude>
    <ClInclude Include="..\Source\External\assimp\NullLogger.hpp">
      <Filter>assimp</Filter>
    </ClInclude>
    <ClInclude Include="..\Source\External\assimp\ParsingUtils.h">
      <Filter>assimp</Filter>
    </ClInclude>
    <ClInclude Include="..\Source\External\assimp\Profiler.h">
      <Filter>assimp</Filter>
    </ClInclude>
    <ClInclude Include="..\Source\External\assimp\ProgressHandler.hpp">
      <Filter>assimp</Filter>
    </ClInclude>
    <ClInclude Include="..\Source\External\assimp\RemoveComments.h">
      <Filter>assimp</Filter>
    </ClInclude>
    <ClInclude Include="..\Source\External\assimp\SGSpatialSort.h">
      <Filter>assimp</Filter>
    </ClInclude>
    <ClInclude Include="..\Source\External\assimp\SceneCombiner.h">
      <Filter>assimp</Filter>
    </ClInclude>
    <ClInclude Include="..\Source\External\assimp\SkeletonMeshBuilder.h">
      <Filter>assimp</Filter>
    </ClInclude>
    <ClInclude Include="..\Source\External\assimp\SmoothingGroups.h">
      <Filter>assimp</Filter>
    </ClInclude>
    <ClInclude Include="..\Source\External\assimp\SmoothingGroups.inl">
      <Filter>assimp</Filter>
    </ClInclude>
    <ClInclude Include="..\Source\External\assimp\SpatialSort.h">
      <Filter>assimp</Filter>
    </ClInclude>
    <ClInclude Include="..\Source\External\assimp\StandardShapes.h">
      <Filter>assimp</Filter>
    </ClInclude>
    <ClInclude Include="..\Source\External\assimp\StreamReader.h">
      <Filter>assimp</Filter>
    </ClInclude>
    <ClInclude Include="..\Source\External\assimp\StreamWriter.h">
      <Filter>assimp</Filter>
    </ClInclude>
    <ClInclude Include="..\Source\External\assimp\StringComparison.h">
      <Filter>assimp</Filter>
    </ClInclude>
    <ClInclude Include="..\Source\External\assimp\StringUtils.h">
      <Filter>assimp</Filter>
    </ClInclude>
    <ClInclude Include="..\Source\External\assimp\Subdivision.h">
      <Filter>assimp</Filter>
    </ClInclude>
    <ClInclude Include="..\Source\External\assimp\TinyFormatter.h">
      <Filter>assimp</Filter>
    </ClInclude>
    <ClInclude Include="..\Source\External\assimp\Vertex.h">
      <Filter>assimp</Filter>
    </ClInclude>
    <ClInclude Include="..\Source\External\assimp\XMLTools.h">
      <Filter>assimp</Filter>
    </ClInclude>
    <ClInclude Include="..\Source\External\assimp\ZipArchiveIOSystem.h">
      <Filter>assimp</Filter>
    </ClInclude>
    <ClInclude Include="..\Source\External\assimp\aabb.h">
      <Filter>assimp</Filter>
    </ClInclude>
    <ClInclude Include="..\Source\External\assimp\ai_assert.h">
      <Filter>assimp</Filter>
    </ClInclude>
    <ClInclude Include="..\Source\External\assimp\anim.h">
      <Filter>assimp</Filter>
    </ClInclude>
    <ClInclude Include="..\Source\External\assimp\camera.h">
      <Filter>assimp</Filter>
    </ClInclude>
    <ClInclude Include="..\Source\External\assimp\cexport.h">
      <Filter>assimp</Filter>
    </ClInclude>
    <ClInclude Include="..\Source\External\assimp\cfileio.h">
      <Filter>assimp</Filter>
    </ClInclude>
    <ClInclude Include="..\Source\External\assimp\cimport.h">
      <Filter>assimp</Filter>
    </ClInclude>
    <ClInclude Include="..\Source\External\assimp\color4.h">
      <Filter>assimp</Filter>
    </ClInclude>
    <ClInclude Include="..\Source\External\assimp\color4.inl">
      <Filter>assimp</Filter>
    </ClInclude>
    <ClInclude Include="..\Source\External\assimp\config.h">
      <Filter>assimp</Filter>
    </ClInclude>
    <ClInclude Include="..\Source\External\assimp\defs.h">
      <Filter>assimp</Filter>
    </ClInclude>
    <ClInclude Include="..\Source\External\assimp\fast_atof.h">
      <Filter>assimp</Filter>
    </ClInclude>
    <ClInclude Include="..\Source\External\assimp\importerdesc.h">
      <Filter>assimp</Filter>
    </ClInclude>
    <ClInclude Include="..\Source\External\assimp\irrXMLWrapper.h">
      <Filter>assimp</Filter>
    </ClInclude>
    <ClInclude Include="..\Source\External\assimp\light.h">
      <Filter>assimp</Filter>
    </ClInclude>
    <ClInclude Include="..\Source\External\assimp\material.h">
      <Filter>assimp</Filter>
    </ClInclude>
    <ClInclude Include="..\Source\External\assimp\material.inl">
      <Filter>assimp</Filter>
    </ClInclude>
    <ClInclude Include="..\Source\External\assimp\matrix3x3.h">
      <Filter>assimp</Filter>
    </ClInclude>
    <ClInclude Include="..\Source\External\assimp\matrix3x3.inl">
      <Filter>assimp</Filter>
    </ClInclude>
    <ClInclude Include="..\Source\External\assimp\matrix4x4.h">
      <Filter>assimp</Filter>
    </ClInclude>
    <ClInclude Include="..\Source\External\assimp\matrix4x4.inl">
      <Filter>assimp</Filter>
    </ClInclude>
    <ClInclude Include="..\Source\External\assimp\mesh.h">
      <Filter>assimp</Filter>
    </ClInclude>
    <ClInclude Include="..\Source\External\assimp\metadata.h">
      <Filter>assimp</Filter>
    </ClInclude>
    <ClInclude Include="..\Source\External\assimp\pbrmaterial.h">
      <Filter>assimp</Filter>
    </ClInclude>
    <ClInclude Include="..\Source\External\assimp\port\AndroidJNI\AndroidJNIIOSystem.h">
      <Filter>assimp\port\AndroidJNI</Filter>
    </ClInclude>
    <ClInclude Include="..\Source\External\assimp\postprocess.h">
      <Filter>assimp</Filter>
    </ClInclude>
    <ClInclude Include="..\Source\External\assimp\qnan.h">
      <Filter>assimp</Filter>
    </ClInclude>
    <ClInclude Include="..\Source\External\assimp\quaternion.h">
      <Filter>assimp</Filter>
    </ClInclude>
    <ClInclude Include="..\Source\External\assimp\quaternion.inl">
      <Filter>assimp</Filter>
    </ClInclude>
    <ClInclude Include="..\Source\External\assimp\scene.h">
      <Filter>assimp</Filter>
    </ClInclude>
    <ClInclude Include="..\Source\External\assimp\texture.h">
      <Filter>assimp</Filter>
    </ClInclude>
    <ClInclude Include="..\Source\External\assimp\types.h">
      <Filter>assimp</Filter>
    </ClInclude>
    <ClInclude Include="..\Source\External\assimp\vector2.h">
      <Filter>assimp</Filter>
    </ClInclude>
    <ClInclude Include="..\Source\External\assimp\vector2.inl">
      <Filter>assimp</Filter>
    </ClInclude>
    <ClInclude Include="..\Source\External\assimp\vector3.h">
      <Filter>assimp</Filter>
    </ClInclude>
    <ClInclude Include="..\Source\External\assimp\vector3.inl">
      <Filter>assimp</Filter>
    </ClInclude>
    <ClInclude Include="..\Source\External\assimp\version.h">
      <Filter>assimp</Filter>
    </ClInclude>
    <ClInclude Include="..\Source\External\bass\bass.h">
      <Filter>bass</Filter>
    </ClInclude>
    <ClInclude Include="..\Source\External\freetype\config\ftconfig.h">
      <Filter>freetype\config</Filter>
    </ClInclude>
    <ClInclude Include="..\Source\External\freetype\config\ftheader.h">
      <Filter>freetype\config</Filter>
    </ClInclude>
    <ClInclude Include="..\Source\External\freetype\config\ftmodule.h">
      <Filter>freetype\config</Filter>
    </ClInclude>
    <ClInclude Include="..\Source\External\freetype\config\ftoption.h">
      <Filter>freetype\config</Filter>
    </ClInclude>
    <ClInclude Include="..\Source\External\freetype\config\ftstdlib.h">
      <Filter>freetype\config</Filter>
    </ClInclude>
    <ClInclude Include="..\Source\External\freetype\freetype.h">
      <Filter>freetype</Filter>
    </ClInclude>
    <ClInclude Include="..\Source\External\freetype\ftadvanc.h">
      <Filter>freetype</Filter>
    </ClInclude>
    <ClInclude Include="..\Source\External\freetype\ftautoh.h">
      <Filter>freetype</Filter>
    </ClInclude>
    <ClInclude Include="..\Source\External\freetype\ftbbox.h">
      <Filter>freetype</Filter>
    </ClInclude>
    <ClInclude Include="..\Source\External\freetype\ftbdf.h">
      <Filter>freetype</Filter>
    </ClInclude>
    <ClInclude Include="..\Source\External\freetype\ftbitmap.h">
      <Filter>freetype</Filter>
    </ClInclude>
    <ClInclude Include="..\Source\External\freetype\ftbzip2.h">
      <Filter>freetype</Filter>
    </ClInclude>
    <ClInclude Include="..\Source\External\freetype\ftcache.h">
      <Filter>freetype</Filter>
    </ClInclude>
    <ClInclude Include="..\Source\External\freetype\ftcffdrv.h">
      <Filter>freetype</Filter>
    </ClInclude>
    <ClInclude Include="..\Source\External\freetype\ftchapters.h">
      <Filter>freetype</Filter>
    </ClInclude>
    <ClInclude Include="..\Source\External\freetype\ftcid.h">
      <Filter>freetype</Filter>
    </ClInclude>
    <ClInclude Include="..\Source\External\freetype\fterrdef.h">
      <Filter>freetype</Filter>
    </ClInclude>
    <ClInclude Include="..\Source\External\freetype\fterrors.h">
      <Filter>freetype</Filter>
    </ClInclude>
    <ClInclude Include="..\Source\External\freetype\ftfntfmt.h">
      <Filter>freetype</Filter>
    </ClInclude>
    <ClInclude Include="..\Source\External\freetype\ftgasp.h">
      <Filter>freetype</Filter>
    </ClInclude>
    <ClInclude Include="..\Source\External\freetype\ftglyph.h">
      <Filter>freetype</Filter>
    </ClInclude>
    <ClInclude Include="..\Source\External\freetype\ftgxval.h">
      <Filter>freetype</Filter>
    </ClInclude>
    <ClInclude Include="..\Source\External\freetype\ftgzip.h">
      <Filter>freetype</Filter>
    </ClInclude>
    <ClInclude Include="..\Source\External\freetype\ftimage.h">
      <Filter>freetype</Filter>
    </ClInclude>
    <ClInclude Include="..\Source\External\freetype\ftincrem.h">
      <Filter>freetype</Filter>
    </ClInclude>
    <ClInclude Include="..\Source\External\freetype\ftlcdfil.h">
      <Filter>freetype</Filter>
    </ClInclude>
    <ClInclude Include="..\Source\External\freetype\ftlist.h">
      <Filter>freetype</Filter>
    </ClInclude>
    <ClInclude Include="..\Source\External\freetype\ftlzw.h">
      <Filter>freetype</Filter>
    </ClInclude>
    <ClInclude Include="..\Source\External\freetype\ftmac.h">
      <Filter>freetype</Filter>
    </ClInclude>
    <ClInclude Include="..\Source\External\freetype\ftmm.h">
      <Filter>freetype</Filter>
    </ClInclude>
    <ClInclude Include="..\Source\External\freetype\ftmodapi.h">
      <Filter>freetype</Filter>
    </ClInclude>
    <ClInclude Include="..\Source\External\freetype\ftmoderr.h">
      <Filter>freetype</Filter>
    </ClInclude>
    <ClInclude Include="..\Source\External\freetype\ftotval.h">
      <Filter>freetype</Filter>
    </ClInclude>
    <ClInclude Include="..\Source\External\freetype\ftoutln.h">
      <Filter>freetype</Filter>
    </ClInclude>
    <ClInclude Include="..\Source\External\freetype\ftpfr.h">
      <Filter>freetype</Filter>
    </ClInclude>
    <ClInclude Include="..\Source\External\freetype\ftrender.h">
      <Filter>freetype</Filter>
    </ClInclude>
    <ClInclude Include="..\Source\External\freetype\ftsizes.h">
      <Filter>freetype</Filter>
    </ClInclude>
    <ClInclude Include="..\Source\External\freetype\ftsnames.h">
      <Filter>freetype</Filter>
    </ClInclude>
    <ClInclude Include="..\Source\External\freetype\ftstroke.h">
      <Filter>freetype</Filter>
    </ClInclude>
    <ClInclude Include="..\Source\External\freetype\ftsynth.h">
      <Filter>freetype</Filter>
    </ClInclude>
    <ClInclude Include="..\Source\External\freetype\ftsystem.h">
      <Filter>freetype</Filter>
    </ClInclude>
    <ClInclude Include="..\Source\External\freetype\fttrigon.h">
      <Filter>freetype</Filter>
    </ClInclude>
    <ClInclude Include="..\Source\External\freetype\ftttdrv.h">
      <Filter>freetype</Filter>
    </ClInclude>
    <ClInclude Include="..\Source\External\freetype\fttypes.h">
      <Filter>freetype</Filter>
    </ClInclude>
    <ClInclude Include="..\Source\External\freetype\ftwinfnt.h">
      <Filter>freetype</Filter>
    </ClInclude>
    <ClInclude Include="..\Source\External\freetype\internal\autohint.h">
      <Filter>freetype\internal</Filter>
    </ClInclude>
    <ClInclude Include="..\Source\External\freetype\internal\ftcalc.h">
      <Filter>freetype\internal</Filter>
    </ClInclude>
    <ClInclude Include="..\Source\External\freetype\internal\ftdebug.h">
      <Filter>freetype\internal</Filter>
    </ClInclude>
    <ClInclude Include="..\Source\External\freetype\internal\ftdriver.h">
      <Filter>freetype\internal</Filter>
    </ClInclude>
    <ClInclude Include="..\Source\External\freetype\internal\ftgloadr.h">
      <Filter>freetype\internal</Filter>
    </ClInclude>
    <ClInclude Include="..\Source\External\freetype\internal\fthash.h">
      <Filter>freetype\internal</Filter>
    </ClInclude>
    <ClInclude Include="..\Source\External\freetype\internal\ftmemory.h">
      <Filter>freetype\internal</Filter>
    </ClInclude>
    <ClInclude Include="..\Source\External\freetype\internal\ftobjs.h">
      <Filter>freetype\internal</Filter>
    </ClInclude>
    <ClInclude Include="..\Source\External\freetype\internal\ftpic.h">
      <Filter>freetype\internal</Filter>
    </ClInclude>
    <ClInclude Include="..\Source\External\freetype\internal\ftrfork.h">
      <Filter>freetype\internal</Filter>
    </ClInclude>
    <ClInclude Include="..\Source\External\freetype\internal\ftserv.h">
      <Filter>freetype\internal</Filter>
    </ClInclude>
    <ClInclude Include="..\Source\External\freetype\internal\ftstream.h">
      <Filter>freetype\internal</Filter>
    </ClInclude>
    <ClInclude Include="..\Source\External\freetype\internal\fttrace.h">
      <Filter>freetype\internal</Filter>
    </ClInclude>
    <ClInclude Include="..\Source\External\freetype\internal\ftvalid.h">
      <Filter>freetype\internal</Filter>
    </ClInclude>
    <ClInclude Include="..\Source\External\freetype\internal\internal.h">
      <Filter>freetype\internal</Filter>
    </ClInclude>
    <ClInclude Include="..\Source\External\freetype\internal\psaux.h">
      <Filter>freetype\internal</Filter>
    </ClInclude>
    <ClInclude Include="..\Source\External\freetype\internal\pshints.h">
      <Filter>freetype\internal</Filter>
    </ClInclude>
    <ClInclude Include="..\Source\External\freetype\internal\services\svbdf.h">
      <Filter>freetype\internal\services</Filter>
    </ClInclude>
    <ClInclude Include="..\Source\External\freetype\internal\services\svcid.h">
      <Filter>freetype\internal\services</Filter>
    </ClInclude>
    <ClInclude Include="..\Source\External\freetype\internal\services\svfntfmt.h">
      <Filter>freetype\internal\services</Filter>
    </ClInclude>
    <ClInclude Include="..\Source\External\freetype\internal\services\svgldict.h">
      <Filter>freetype\internal\services</Filter>
    </ClInclude>
    <ClInclude Include="..\Source\External\freetype\internal\services\svgxval.h">
      <Filter>freetype\internal\services</Filter>
    </ClInclude>
    <ClInclude Include="..\Source\External\freetype\internal\services\svkern.h">
      <Filter>freetype\internal\services</Filter>
    </ClInclude>
    <ClInclude Include="..\Source\External\freetype\internal\services\svmm.h">
      <Filter>freetype\internal\services</Filter>
    </ClInclude>
    <ClInclude Include="..\Source\External\freetype\internal\services\svotval.h">
      <Filter>freetype\internal\services</Filter>
    </ClInclude>
    <ClInclude Include="..\Source\External\freetype\internal\services\svpfr.h">
      <Filter>freetype\internal\services</Filter>
    </ClInclude>
    <ClInclude Include="..\Source\External\freetype\internal\services\svpostnm.h">
      <Filter>freetype\internal\services</Filter>
    </ClInclude>
    <ClInclude Include="..\Source\External\freetype\internal\services\svprop.h">
      <Filter>freetype\internal\services</Filter>
    </ClInclude>
    <ClInclude Include="..\Source\External\freetype\internal\services\svpscmap.h">
      <Filter>freetype\internal\services</Filter>
    </ClInclude>
    <ClInclude Include="..\Source\External\freetype\internal\services\svpsinfo.h">
      <Filter>freetype\internal\services</Filter>
    </ClInclude>
    <ClInclude Include="..\Source\External\freetype\internal\services\svsfnt.h">
      <Filter>freetype\internal\services</Filter>
    </ClInclude>
    <ClInclude Include="..\Source\External\freetype\internal\services\svttcmap.h">
      <Filter>freetype\internal\services</Filter>
    </ClInclude>
    <ClInclude Include="..\Source\External\freetype\internal\services\svtteng.h">
      <Filter>freetype\internal\services</Filter>
    </ClInclude>
    <ClInclude Include="..\Source\External\freetype\internal\services\svttglyf.h">
      <Filter>freetype\internal\services</Filter>
    </ClInclude>
    <ClInclude Include="..\Source\External\freetype\internal\services\svwinfnt.h">
      <Filter>freetype\internal\services</Filter>
    </ClInclude>
    <ClInclude Include="..\Source\External\freetype\internal\sfnt.h">
      <Filter>freetype\internal</Filter>
    </ClInclude>
    <ClInclude Include="..\Source\External\freetype\internal\t1types.h">
      <Filter>freetype\internal</Filter>
    </ClInclude>
    <ClInclude Include="..\Source\External\freetype\internal\tttypes.h">
      <Filter>freetype\internal</Filter>
    </ClInclude>
    <ClInclude Include="..\Source\External\freetype\t1tables.h">
      <Filter>freetype</Filter>
    </ClInclude>
    <ClInclude Include="..\Source\External\freetype\ttnameid.h">
      <Filter>freetype</Filter>
    </ClInclude>
    <ClInclude Include="..\Source\External\freetype\tttables.h">
      <Filter>freetype</Filter>
    </ClInclude>
    <ClInclude Include="..\Source\External\freetype\tttags.h">
      <Filter>freetype</Filter>
    </ClInclude>
    <ClInclude Include="..\Source\External\freetype\ttunpat.h">
      <Filter>freetype</Filter>
    </ClInclude>
    <ClInclude Include="..\Source\External\ft2build.h" />
    <ClInclude Include="..\Source\External\imgui\imconfig.h">
      <Filter>imgui</Filter>
    </ClInclude>
    <ClInclude Include="..\Source\External\imgui\imgui.h">
      <Filter>imgui</Filter>
    </ClInclude>
    <ClInclude Include="..\Source\External\imgui\imgui_impl_dx11.h">
      <Filter>imgui</Filter>
    </ClInclude>
    <ClInclude Include="..\Source\External\imgui\imgui_impl_win32.h">
      <Filter>imgui</Filter>
    </ClInclude>
    <ClInclude Include="..\Source\External\imgui\imgui_internal.h">
      <Filter>imgui</Filter>
    </ClInclude>
    <ClInclude Include="..\Source\External\imgui\imstb_rectpack.h">
      <Filter>imgui</Filter>
    </ClInclude>
    <ClInclude Include="..\Source\External\imgui\imstb_textedit.h">
      <Filter>imgui</Filter>
    </ClInclude>
    <ClInclude Include="..\Source\External\imgui\imstb_truetype.h">
      <Filter>imgui</Filter>
    </ClInclude>
    <ClInclude Include="..\Source\External\imgui\misc\cpp\imgui_stdlib.h">
      <Filter>imgui\misc\cpp</Filter>
    </ClInclude>
    <ClInclude Include="..\Source\External\imgui\misc\freetype\imgui_freetype.h">
      <Filter>imgui\misc\freetype</Filter>
    </ClInclude>
    <ClInclude Include="..\Source\External\imgui\misc\single_file\imgui_single_file.h">
      <Filter>imgui\misc\single_file</Filter>
    </ClInclude>
    <ClInclude Include="..\Source\External\imnodes\imnodes.h">
      <Filter>imnodes</Filter>
    </ClInclude>
    <ClInclude Include="..\Source\External\imnodes\imnodes_internal.h">
      <Filter>imnodes</Filter>
    </ClInclude>
    <ClInclude Include="..\Source\External\json.hpp" />
    <ClInclude Include="..\Source\External\nlohmann\json.hpp">
      <Filter>nlohmann</Filter>
    </ClInclude>
  </ItemGroup>
  <ItemGroup>
    <ClCompile Include="..\Source\External\DirectXTex\DDSTextureLoader\DDSTextureLoader11.cpp">
      <Filter>DirectXTex\DDSTextureLoader</Filter>
    </ClCompile>
    <ClCompile Include="..\Source\External\DirectXTex\ScreenGrab\ScreenGrab11.cpp">
      <Filter>DirectXTex\ScreenGrab</Filter>
    </ClCompile>
    <ClCompile Include="..\Source\External\DirectXTex\WICTextureLoader\WICTextureLoader11.cpp">
      <Filter>DirectXTex\WICTextureLoader</Filter>
    </ClCompile>
    <ClCompile Include="..\Source\External\StackWalker\StackWalker.cpp">
      <Filter>StackWalker</Filter>
    </ClCompile>
    <ClCompile Include="..\Source\External\TGAFBXImporter\source\FBXImporter.cpp">
      <Filter>TGAFBXImporter\source</Filter>
    </ClCompile>
    <ClCompile Include="..\Source\External\TGAFBXImporter\source\TGAFBXImporter.pch.cpp">
      <Filter>TGAFBXImporter\source</Filter>
    </ClCompile>
    <ClCompile Include="..\Source\External\imgui\imgui.cpp">
      <Filter>imgui</Filter>
    </ClCompile>
    <ClCompile Include="..\Source\External\imgui\imgui_demo.cpp">
      <Filter>imgui</Filter>
    </ClCompile>
    <ClCompile Include="..\Source\External\imgui\imgui_draw.cpp">
      <Filter>imgui</Filter>
    </ClCompile>
    <ClCompile Include="..\Source\External\imgui\imgui_impl_dx11.cpp">
      <Filter>imgui</Filter>
    </ClCompile>
    <ClCompile Include="..\Source\External\imgui\imgui_impl_win32.cpp">
      <Filter>imgui</Filter>
    </ClCompile>
    <ClCompile Include="..\Source\External\imgui\imgui_tables.cpp">
      <Filter>imgui</Filter>
    </ClCompile>
    <ClCompile Include="..\Source\External\imgui\imgui_widgets.cpp">
      <Filter>imgui</Filter>
    </ClCompile>
    <ClCompile Include="..\Source\External\imgui\misc\cpp\imgui_stdlib.cpp">
      <Filter>imgui\misc\cpp</Filter>
    </ClCompile>
    <ClCompile Include="..\Source\External\imgui\misc\fonts\binary_to_compressed_c.cpp">
      <Filter>imgui\misc\fonts</Filter>
    </ClCompile>
    <ClCompile Include="..\Source\External\imgui\misc\freetype\imgui_freetype.cpp">
      <Filter>imgui\misc\freetype</Filter>
    </ClCompile>
    <ClCompile Include="..\Source\External\imnodes\imnodes.cpp">
      <Filter>imnodes</Filter>
    </ClCompile>
  </ItemGroup>
</Project>